// !$*UTF8*$!
{
	archiveVersion = 1;
	classes = {
	};
	objectVersion = 46;
	objects = {

/* Begin PBXBuildFile section */
		9BD07646BEBB48D36F1787A9 /* libPods-XiZhanApp.a in Frameworks */ = {isa = PBXBuildFile; fileRef = 5255C008A689B328196B5986 /* libPods-XiZhanApp.a */; };
		F00007E71CF6CAA100479EFB /* about_info.png in Resources */ = {isa = PBXBuildFile; fileRef = F00007E61CF6CAA100479EFB /* about_info.png */; };
		F00007EA1CF6CE6F00479EFB /* AboutXiZhanViewController.m in Sources */ = {isa = PBXBuildFile; fileRef = F00007E91CF6CE6F00479EFB /* AboutXiZhanViewController.m */; };
		F0088C7C1CE6BE8300AF6EAF /* close.png in Resources */ = {isa = PBXBuildFile; fileRef = F0088C3F1CE6BE8300AF6EAF /* close.png */; };
		F0088C7D1CE6BE8300AF6EAF /* close@2x.png in Resources */ = {isa = PBXBuildFile; fileRef = F0088C401CE6BE8300AF6EAF /* close@2x.png */; };
		F0088C7E1CE6BE8300AF6EAF /* close@3x.png in Resources */ = {isa = PBXBuildFile; fileRef = F0088C411CE6BE8300AF6EAF /* close@3x.png */; };
		F0088C7F1CE6BE8300AF6EAF /* ico_check_nomal.png in Resources */ = {isa = PBXBuildFile; fileRef = F0088C421CE6BE8300AF6EAF /* ico_check_nomal.png */; };
		F0088C801CE6BE8300AF6EAF /* ico_check_nomal@2x.png in Resources */ = {isa = PBXBuildFile; fileRef = F0088C431CE6BE8300AF6EAF /* ico_check_nomal@2x.png */; };
		F0088C811CE6BE8300AF6EAF /* ico_check_nomal@3x.png in Resources */ = {isa = PBXBuildFile; fileRef = F0088C441CE6BE8300AF6EAF /* ico_check_nomal@3x.png */; };
		F0088C821CE6BE8300AF6EAF /* ico_check_select.png in Resources */ = {isa = PBXBuildFile; fileRef = F0088C451CE6BE8300AF6EAF /* ico_check_select.png */; };
		F0088C831CE6BE8300AF6EAF /* ico_check_select@2x.png in Resources */ = {isa = PBXBuildFile; fileRef = F0088C461CE6BE8300AF6EAF /* ico_check_select@2x.png */; };
		F0088C841CE6BE8300AF6EAF /* ico_check_select@3x.png in Resources */ = {isa = PBXBuildFile; fileRef = F0088C471CE6BE8300AF6EAF /* ico_check_select@3x.png */; };
		F0088C851CE6BE8300AF6EAF /* plus.png in Resources */ = {isa = PBXBuildFile; fileRef = F0088C481CE6BE8300AF6EAF /* plus.png */; };
		F0088C861CE6BE8300AF6EAF /* plus@2x.png in Resources */ = {isa = PBXBuildFile; fileRef = F0088C491CE6BE8300AF6EAF /* plus@2x.png */; };
		F0088C871CE6BE8300AF6EAF /* plus@3x.png in Resources */ = {isa = PBXBuildFile; fileRef = F0088C4A1CE6BE8300AF6EAF /* plus@3x.png */; };
		F0088C881CE6BE8300AF6EAF /* MFlowLayOut.m in Sources */ = {isa = PBXBuildFile; fileRef = F0088C4E1CE6BE8300AF6EAF /* MFlowLayOut.m */; };
		F0088C891CE6BE8300AF6EAF /* MHeaderImaCell.m in Sources */ = {isa = PBXBuildFile; fileRef = F0088C501CE6BE8300AF6EAF /* MHeaderImaCell.m */; };
		F0088C8A1CE6BE8300AF6EAF /* MHeadImaView.m in Sources */ = {isa = PBXBuildFile; fileRef = F0088C521CE6BE8300AF6EAF /* MHeadImaView.m */; };
		F0088C8B1CE6BE8300AF6EAF /* JJMainScrollView.m in Sources */ = {isa = PBXBuildFile; fileRef = F0088C551CE6BE8300AF6EAF /* JJMainScrollView.m */; };
		F0088C8C1CE6BE8300AF6EAF /* JJOneScrollView.m in Sources */ = {isa = PBXBuildFile; fileRef = F0088C571CE6BE8300AF6EAF /* JJOneScrollView.m */; };
		F0088C8D1CE6BE8300AF6EAF /* JJPhoto.m in Sources */ = {isa = PBXBuildFile; fileRef = F0088C591CE6BE8300AF6EAF /* JJPhoto.m */; };
		F0088C8E1CE6BE8300AF6EAF /* JJPhotoManeger.m in Sources */ = {isa = PBXBuildFile; fileRef = F0088C5B1CE6BE8300AF6EAF /* JJPhotoManeger.m */; };
		F0088C8F1CE6BE8300AF6EAF /* none.png in Resources */ = {isa = PBXBuildFile; fileRef = F0088C5C1CE6BE8300AF6EAF /* none.png */; };
		F0088C901CE6BE8300AF6EAF /* LQImgPickerActionSheet.m in Sources */ = {isa = PBXBuildFile; fileRef = F0088C5E1CE6BE8300AF6EAF /* LQImgPickerActionSheet.m */; };
		F0088C911CE6BE8300AF6EAF /* MGroupCell.m in Sources */ = {isa = PBXBuildFile; fileRef = F0088C621CE6BE8300AF6EAF /* MGroupCell.m */; };
		F0088C921CE6BE8300AF6EAF /* MGroupCell.xib in Resources */ = {isa = PBXBuildFile; fileRef = F0088C631CE6BE8300AF6EAF /* MGroupCell.xib */; };
		F0088C931CE6BE8300AF6EAF /* MImaCell.m in Sources */ = {isa = PBXBuildFile; fileRef = F0088C651CE6BE8300AF6EAF /* MImaCell.m */; };
		F0088C941CE6BE8300AF6EAF /* MImaCell.xib in Resources */ = {isa = PBXBuildFile; fileRef = F0088C661CE6BE8300AF6EAF /* MImaCell.xib */; };
		F0088C951CE6BE8300AF6EAF /* MImaLibTool.m in Sources */ = {isa = PBXBuildFile; fileRef = F0088C681CE6BE8300AF6EAF /* MImaLibTool.m */; };
		F0088C961CE6BE8300AF6EAF /* MShowAllGroup.m in Sources */ = {isa = PBXBuildFile; fileRef = F0088C6A1CE6BE8300AF6EAF /* MShowAllGroup.m */; };
		F0088C971CE6BE8300AF6EAF /* MShowGroupAllSet.m in Sources */ = {isa = PBXBuildFile; fileRef = F0088C6C1CE6BE8300AF6EAF /* MShowGroupAllSet.m */; };
		F0088C981CE6BE8300AF6EAF /* SDBaseProgressView.m in Sources */ = {isa = PBXBuildFile; fileRef = F0088C701CE6BE8300AF6EAF /* SDBaseProgressView.m */; };
		F0088C991CE6BE8300AF6EAF /* SDLoopProgressView.m in Sources */ = {isa = PBXBuildFile; fileRef = F0088C721CE6BE8300AF6EAF /* SDLoopProgressView.m */; };
		F0088C9A1CE6BE8300AF6EAF /* SDDemoItemView.m in Sources */ = {isa = PBXBuildFile; fileRef = F0088C761CE6BE8300AF6EAF /* SDDemoItemView.m */; };
		F0088C9B1CE6BE8300AF6EAF /* LQPhotoPickerViewController.m in Sources */ = {isa = PBXBuildFile; fileRef = F0088C781CE6BE8300AF6EAF /* LQPhotoPickerViewController.m */; };
		F0088C9C1CE6BE8300AF6EAF /* LQPhotoViewCell.m in Sources */ = {isa = PBXBuildFile; fileRef = F0088C7A1CE6BE8300AF6EAF /* LQPhotoViewCell.m */; };
		F0088C9D1CE6BE8300AF6EAF /* LQPhotoViewCell.xib in Resources */ = {isa = PBXBuildFile; fileRef = F0088C7B1CE6BE8300AF6EAF /* LQPhotoViewCell.xib */; };
		F0088CA31CE6C16F00AF6EAF /* PublishViewController.m in Sources */ = {isa = PBXBuildFile; fileRef = F0088CA21CE6C16F00AF6EAF /* PublishViewController.m */; };
		F021140B1CE2D81A00676971 /* InformationDetailViewController.m in Sources */ = {isa = PBXBuildFile; fileRef = F021140A1CE2D81A00676971 /* InformationDetailViewController.m */; };
		F021140E1CE2FD5D00676971 /* SerVeDetailViewController.m in Sources */ = {isa = PBXBuildFile; fileRef = F021140D1CE2FD5D00676971 /* SerVeDetailViewController.m */; };
		F026E5EF1CFD2F9B00C22FCE /* ForgetPwdViewController.m in Sources */ = {isa = PBXBuildFile; fileRef = F026E5EE1CFD2F9B00C22FCE /* ForgetPwdViewController.m */; };
		F0607B221CE5690F0029EE31 /* jpush-ios-2.1.6.a in Frameworks */ = {isa = PBXBuildFile; fileRef = F0607B201CE5690F0029EE31 /* jpush-ios-2.1.6.a */; };
		F0607B241CE56EED0029EE31 /* CoreTelephony.framework in Frameworks */ = {isa = PBXBuildFile; fileRef = F0607B231CE56EED0029EE31 /* CoreTelephony.framework */; };
		F0607B331CE56F9D0029EE31 /* libz.tbd in Frameworks */ = {isa = PBXBuildFile; fileRef = F0607B321CE56F9D0029EE31 /* libz.tbd */; };
		F0607B361CE5752F0029EE31 /* MenuModel.m in Sources */ = {isa = PBXBuildFile; fileRef = F0607B351CE5752F0029EE31 /* MenuModel.m */; };
		F0607B3E1CE5B6650029EE31 /* ZQDatabaseHelper.m in Sources */ = {isa = PBXBuildFile; fileRef = F0607B391CE5B6650029EE31 /* ZQDatabaseHelper.m */; };
		F0607B3F1CE5B6650029EE31 /* ZQDatabaseManager.m in Sources */ = {isa = PBXBuildFile; fileRef = F0607B3B1CE5B6650029EE31 /* ZQDatabaseManager.m */; };
		F0607B401CE5B6650029EE31 /* ZQDatabaseModel.m in Sources */ = {isa = PBXBuildFile; fileRef = F0607B3D1CE5B6650029EE31 /* ZQDatabaseModel.m */; };
		F0614DD11CE1C4180036CC3E /* MyInformationsViewController.m in Sources */ = {isa = PBXBuildFile; fileRef = F0614DD01CE1C4180036CC3E /* MyInformationsViewController.m */; };
		F092EEC31CE6B79500353351 /* MsgType1TabCell.m in Sources */ = {isa = PBXBuildFile; fileRef = F092EEC11CE6B79500353351 /* MsgType1TabCell.m */; };
		F092EEC41CE6B79500353351 /* MsgType1TabCell.xib in Resources */ = {isa = PBXBuildFile; fileRef = F092EEC21CE6B79500353351 /* MsgType1TabCell.xib */; };
		F0C4AAF61CE2E14A0067E986 /* MHAsiNetworkHandler.m in Sources */ = {isa = PBXBuildFile; fileRef = F0C4AAEE1CE2E14A0067E986 /* MHAsiNetworkHandler.m */; };
		F0C4AAF71CE2E14A0067E986 /* MHAsiNetworkItem.m in Sources */ = {isa = PBXBuildFile; fileRef = F0C4AAF01CE2E14A0067E986 /* MHAsiNetworkItem.m */; };
		F0C4AAF81CE2E14A0067E986 /* MHNetworkManager.m in Sources */ = {isa = PBXBuildFile; fileRef = F0C4AAF21CE2E14A0067E986 /* MHNetworkManager.m */; };
		F0C4AAF91CE2E14A0067E986 /* MHUploadParam.m in Sources */ = {isa = PBXBuildFile; fileRef = F0C4AAF51CE2E14A0067E986 /* MHUploadParam.m */; };
		F0C4AAFD1CE2E3520067E986 /* MBProgressHUD.bundle in Resources */ = {isa = PBXBuildFile; fileRef = F0C4AAFA1CE2E3520067E986 /* MBProgressHUD.bundle */; };
		F0C4AAFE1CE2E3520067E986 /* MBProgressHUD+Add.m in Sources */ = {isa = PBXBuildFile; fileRef = F0C4AAFC1CE2E3520067E986 /* MBProgressHUD+Add.m */; };
		F0C4AB071CE3194B0067E986 /* ZQPhotoViewCell.m in Sources */ = {isa = PBXBuildFile; fileRef = F0C4AB051CE3194B0067E986 /* ZQPhotoViewCell.m */; };
		F0C4AB081CE3194B0067E986 /* ZQPhotoViewCell.xib in Resources */ = {isa = PBXBuildFile; fileRef = F0C4AB061CE3194B0067E986 /* ZQPhotoViewCell.xib */; };
		F0DC514D1CE84AC800CE29AD /* DJBrowserImageView.m in Sources */ = {isa = PBXBuildFile; fileRef = F0DC51471CE84AC800CE29AD /* DJBrowserImageView.m */; };
		F0DC514E1CE84AC800CE29AD /* DJPhotoBrowser.m in Sources */ = {isa = PBXBuildFile; fileRef = F0DC51491CE84AC800CE29AD /* DJPhotoBrowser.m */; };
		F0DC514F1CE84AC800CE29AD /* DJWaitingView.m in Sources */ = {isa = PBXBuildFile; fileRef = F0DC514C1CE84AC800CE29AD /* DJWaitingView.m */; };
		F0DC51581CE84CB400CE29AD /* ImgCell.m in Sources */ = {isa = PBXBuildFile; fileRef = F0DC51561CE84CB400CE29AD /* ImgCell.m */; };
		F0DC51591CE84CB400CE29AD /* ImgCell.xib in Resources */ = {isa = PBXBuildFile; fileRef = F0DC51571CE84CB400CE29AD /* ImgCell.xib */; };
		F0E396AA1CE1858700D4137E /* UIView+ZQExtention.m in Sources */ = {isa = PBXBuildFile; fileRef = F0E396A91CE1858700D4137E /* UIView+ZQExtention.m */; };
		F0E396B01CE186D200D4137E /* RegisterViewController.m in Sources */ = {isa = PBXBuildFile; fileRef = F0E396AF1CE186D200D4137E /* RegisterViewController.m */; };
		F0E396BB1CE1B4FA00D4137E /* MainCollCell.m in Sources */ = {isa = PBXBuildFile; fileRef = F0E396B91CE1B4FA00D4137E /* MainCollCell.m */; };
		F0E396BC1CE1B4FA00D4137E /* MainCollCell.xib in Resources */ = {isa = PBXBuildFile; fileRef = F0E396BA1CE1B4FA00D4137E /* MainCollCell.xib */; };
		F0E396C11CE1B9C300D4137E /* MianZeViewController.m in Sources */ = {isa = PBXBuildFile; fileRef = F0E396BE1CE1B9C300D4137E /* MianZeViewController.m */; };
		F0E396C21CE1B9C300D4137E /* SuggestionsViewController.m in Sources */ = {isa = PBXBuildFile; fileRef = F0E396C01CE1B9C300D4137E /* SuggestionsViewController.m */; };
		F0E396CD1CE1BA5400D4137E /* AYCButton.m in Sources */ = {isa = PBXBuildFile; fileRef = F0E396CA1CE1BA5400D4137E /* AYCButton.m */; };
		F0E396CE1CE1BA5400D4137E /* UIViewController+AYCNavigationItem.m in Sources */ = {isa = PBXBuildFile; fileRef = F0E396CC1CE1BA5400D4137E /* UIViewController+AYCNavigationItem.m */; };
		F0E396D21CE1E9E000D4137E /* ServeInfoViewController.m in Sources */ = {isa = PBXBuildFile; fileRef = F0E396D11CE1E9E000D4137E /* ServeInfoViewController.m */; };
		F0E396D71CE1EB8C00D4137E /* ServeTabCell.m in Sources */ = {isa = PBXBuildFile; fileRef = F0E396D51CE1EB8C00D4137E /* ServeTabCell.m */; };
		F0E396D81CE1EB8C00D4137E /* ServeTabCell.xib in Resources */ = {isa = PBXBuildFile; fileRef = F0E396D61CE1EB8C00D4137E /* ServeTabCell.xib */; };
		F0ED7A211CE4676300369D33 /* MessageModel.m in Sources */ = {isa = PBXBuildFile; fileRef = F0ED7A201CE4676300369D33 /* MessageModel.m */; };
		F0F18BDA1CF845B000BD675F /* InfoClassifyViewController.m in Sources */ = {isa = PBXBuildFile; fileRef = F0F18BD91CF845B000BD675F /* InfoClassifyViewController.m */; };
		F0F379D31CE07AD90047A469 /* main.m in Sources */ = {isa = PBXBuildFile; fileRef = F0F379D21CE07AD90047A469 /* main.m */; };
		F0F379D61CE07AD90047A469 /* AppDelegate.m in Sources */ = {isa = PBXBuildFile; fileRef = F0F379D51CE07AD90047A469 /* AppDelegate.m */; };
		F0F379DC1CE07AD90047A469 /* Main.storyboard in Resources */ = {isa = PBXBuildFile; fileRef = F0F379DA1CE07AD90047A469 /* Main.storyboard */; };
		F0F379DE1CE07AD90047A469 /* Assets.xcassets in Resources */ = {isa = PBXBuildFile; fileRef = F0F379DD1CE07AD90047A469 /* Assets.xcassets */; };
		F0F379E11CE07AD90047A469 /* LaunchScreen.storyboard in Resources */ = {isa = PBXBuildFile; fileRef = F0F379DF1CE07AD90047A469 /* LaunchScreen.storyboard */; };
		F0F37A081CE07B280047A469 /* BaseNaviViewController.m in Sources */ = {isa = PBXBuildFile; fileRef = F0F379F01CE07B280047A469 /* BaseNaviViewController.m */; };
		F0F37A091CE07B280047A469 /* BaseTabBarViewController.m in Sources */ = {isa = PBXBuildFile; fileRef = F0F379F21CE07B280047A469 /* BaseTabBarViewController.m */; };
		F0F37A0A1CE07B280047A469 /* BaseViewController.m in Sources */ = {isa = PBXBuildFile; fileRef = F0F379F41CE07B280047A469 /* BaseViewController.m */; };
		F0F37A0D1CE07B280047A469 /* User.m in Sources */ = {isa = PBXBuildFile; fileRef = F0F379FC1CE07B280047A469 /* User.m */; };
		F0F37A0E1CE07B280047A469 /* Utility.m in Sources */ = {isa = PBXBuildFile; fileRef = F0F37A011CE07B280047A469 /* Utility.m */; };
		F0F37A141CE084BB0047A469 /* MainViewController.m in Sources */ = {isa = PBXBuildFile; fileRef = F0F37A131CE084BB0047A469 /* MainViewController.m */; };
		F0F37A1D1CE088390047A469 /* LeftSlideViewController.m in Sources */ = {isa = PBXBuildFile; fileRef = F0F37A1A1CE088390047A469 /* LeftSlideViewController.m */; };
		F0F37A1E1CE088390047A469 /* UIView_extra.m in Sources */ = {isa = PBXBuildFile; fileRef = F0F37A1C1CE088390047A469 /* UIView_extra.m */; };
		F0F37A211CE08BC80047A469 /* LeftSortsViewController.m in Sources */ = {isa = PBXBuildFile; fileRef = F0F37A201CE08BC80047A469 /* LeftSortsViewController.m */; };
		F0F37A251CE093A10047A469 /* LoginViewController.m in Sources */ = {isa = PBXBuildFile; fileRef = F0F37A241CE093A10047A469 /* LoginViewController.m */; };
		F0FA99291CE2D0460078C74B /* LeftSortsTabCell.m in Sources */ = {isa = PBXBuildFile; fileRef = F0FA99271CE2D0460078C74B /* LeftSortsTabCell.m */; };
		F0FA992A1CE2D0460078C74B /* LeftSortsTabCell.xib in Resources */ = {isa = PBXBuildFile; fileRef = F0FA99281CE2D0460078C74B /* LeftSortsTabCell.xib */; };
		F0FC4B1B1CFD781700E6A536 /* MenuType2TabCell.m in Sources */ = {isa = PBXBuildFile; fileRef = F0FC4B191CFD781700E6A536 /* MenuType2TabCell.m */; };
		F0FC4B1C1CFD781700E6A536 /* MenuType2TabCell.xib in Resources */ = {isa = PBXBuildFile; fileRef = F0FC4B1A1CFD781700E6A536 /* MenuType2TabCell.xib */; };
/* End PBXBuildFile section */

/* Begin PBXFileReference section */
		15D31FFDB611C4BDBC732DF9 /* Pods-XiZhanApp.release.xcconfig */ = {isa = PBXFileReference; includeInIndex = 1; lastKnownFileType = text.xcconfig; name = "Pods-XiZhanApp.release.xcconfig"; path = "Pods/Target Support Files/Pods-XiZhanApp/Pods-XiZhanApp.release.xcconfig"; sourceTree = "<group>"; };
		1D5605D5BC043DB5427C2060 /* Pods-XiZhanApp.debug.xcconfig */ = {isa = PBXFileReference; includeInIndex = 1; lastKnownFileType = text.xcconfig; name = "Pods-XiZhanApp.debug.xcconfig"; path = "Pods/Target Support Files/Pods-XiZhanApp/Pods-XiZhanApp.debug.xcconfig"; sourceTree = "<group>"; };
		5255C008A689B328196B5986 /* libPods-XiZhanApp.a */ = {isa = PBXFileReference; explicitFileType = archive.ar; includeInIndex = 0; path = "libPods-XiZhanApp.a"; sourceTree = BUILT_PRODUCTS_DIR; };
		F00007E61CF6CAA100479EFB /* about_info.png */ = {isa = PBXFileReference; lastKnownFileType = image.png; path = about_info.png; sourceTree = "<group>"; };
		F00007E81CF6CE6F00479EFB /* AboutXiZhanViewController.h */ = {isa = PBXFileReference; fileEncoding = 4; lastKnownFileType = sourcecode.c.h; path = AboutXiZhanViewController.h; sourceTree = "<group>"; };
		F00007E91CF6CE6F00479EFB /* AboutXiZhanViewController.m */ = {isa = PBXFileReference; fileEncoding = 4; lastKnownFileType = sourcecode.c.objc; path = AboutXiZhanViewController.m; sourceTree = "<group>"; };
		F0088C3F1CE6BE8300AF6EAF /* close.png */ = {isa = PBXFileReference; lastKnownFileType = image.png; path = close.png; sourceTree = "<group>"; };
		F0088C401CE6BE8300AF6EAF /* close@2x.png */ = {isa = PBXFileReference; lastKnownFileType = image.png; path = "close@2x.png"; sourceTree = "<group>"; };
		F0088C411CE6BE8300AF6EAF /* close@3x.png */ = {isa = PBXFileReference; lastKnownFileType = image.png; path = "close@3x.png"; sourceTree = "<group>"; };
		F0088C421CE6BE8300AF6EAF /* ico_check_nomal.png */ = {isa = PBXFileReference; lastKnownFileType = image.png; path = ico_check_nomal.png; sourceTree = "<group>"; };
		F0088C431CE6BE8300AF6EAF /* ico_check_nomal@2x.png */ = {isa = PBXFileReference; lastKnownFileType = image.png; path = "ico_check_nomal@2x.png"; sourceTree = "<group>"; };
		F0088C441CE6BE8300AF6EAF /* ico_check_nomal@3x.png */ = {isa = PBXFileReference; lastKnownFileType = image.png; path = "ico_check_nomal@3x.png"; sourceTree = "<group>"; };
		F0088C451CE6BE8300AF6EAF /* ico_check_select.png */ = {isa = PBXFileReference; lastKnownFileType = image.png; path = ico_check_select.png; sourceTree = "<group>"; };
		F0088C461CE6BE8300AF6EAF /* ico_check_select@2x.png */ = {isa = PBXFileReference; lastKnownFileType = image.png; path = "ico_check_select@2x.png"; sourceTree = "<group>"; };
		F0088C471CE6BE8300AF6EAF /* ico_check_select@3x.png */ = {isa = PBXFileReference; lastKnownFileType = image.png; path = "ico_check_select@3x.png"; sourceTree = "<group>"; };
		F0088C481CE6BE8300AF6EAF /* plus.png */ = {isa = PBXFileReference; lastKnownFileType = image.png; path = plus.png; sourceTree = "<group>"; };
		F0088C491CE6BE8300AF6EAF /* plus@2x.png */ = {isa = PBXFileReference; lastKnownFileType = image.png; path = "plus@2x.png"; sourceTree = "<group>"; };
		F0088C4A1CE6BE8300AF6EAF /* plus@3x.png */ = {isa = PBXFileReference; lastKnownFileType = image.png; path = "plus@3x.png"; sourceTree = "<group>"; };
		F0088C4D1CE6BE8300AF6EAF /* MFlowLayOut.h */ = {isa = PBXFileReference; fileEncoding = 4; lastKnownFileType = sourcecode.c.h; path = MFlowLayOut.h; sourceTree = "<group>"; };
		F0088C4E1CE6BE8300AF6EAF /* MFlowLayOut.m */ = {isa = PBXFileReference; fileEncoding = 4; lastKnownFileType = sourcecode.c.objc; path = MFlowLayOut.m; sourceTree = "<group>"; };
		F0088C4F1CE6BE8300AF6EAF /* MHeaderImaCell.h */ = {isa = PBXFileReference; fileEncoding = 4; lastKnownFileType = sourcecode.c.h; path = MHeaderImaCell.h; sourceTree = "<group>"; };
		F0088C501CE6BE8300AF6EAF /* MHeaderImaCell.m */ = {isa = PBXFileReference; fileEncoding = 4; lastKnownFileType = sourcecode.c.objc; path = MHeaderImaCell.m; sourceTree = "<group>"; };
		F0088C511CE6BE8300AF6EAF /* MHeadImaView.h */ = {isa = PBXFileReference; fileEncoding = 4; lastKnownFileType = sourcecode.c.h; path = MHeadImaView.h; sourceTree = "<group>"; };
		F0088C521CE6BE8300AF6EAF /* MHeadImaView.m */ = {isa = PBXFileReference; fileEncoding = 4; lastKnownFileType = sourcecode.c.objc; path = MHeadImaView.m; sourceTree = "<group>"; };
		F0088C541CE6BE8300AF6EAF /* JJMainScrollView.h */ = {isa = PBXFileReference; fileEncoding = 4; lastKnownFileType = sourcecode.c.h; path = JJMainScrollView.h; sourceTree = "<group>"; };
		F0088C551CE6BE8300AF6EAF /* JJMainScrollView.m */ = {isa = PBXFileReference; fileEncoding = 4; lastKnownFileType = sourcecode.c.objc; path = JJMainScrollView.m; sourceTree = "<group>"; };
		F0088C561CE6BE8300AF6EAF /* JJOneScrollView.h */ = {isa = PBXFileReference; fileEncoding = 4; lastKnownFileType = sourcecode.c.h; path = JJOneScrollView.h; sourceTree = "<group>"; };
		F0088C571CE6BE8300AF6EAF /* JJOneScrollView.m */ = {isa = PBXFileReference; fileEncoding = 4; lastKnownFileType = sourcecode.c.objc; path = JJOneScrollView.m; sourceTree = "<group>"; };
		F0088C581CE6BE8300AF6EAF /* JJPhoto.h */ = {isa = PBXFileReference; fileEncoding = 4; lastKnownFileType = sourcecode.c.h; path = JJPhoto.h; sourceTree = "<group>"; };
		F0088C591CE6BE8300AF6EAF /* JJPhoto.m */ = {isa = PBXFileReference; fileEncoding = 4; lastKnownFileType = sourcecode.c.objc; path = JJPhoto.m; sourceTree = "<group>"; };
		F0088C5A1CE6BE8300AF6EAF /* JJPhotoManeger.h */ = {isa = PBXFileReference; fileEncoding = 4; lastKnownFileType = sourcecode.c.h; path = JJPhotoManeger.h; sourceTree = "<group>"; };
		F0088C5B1CE6BE8300AF6EAF /* JJPhotoManeger.m */ = {isa = PBXFileReference; fileEncoding = 4; lastKnownFileType = sourcecode.c.objc; path = JJPhotoManeger.m; sourceTree = "<group>"; };
		F0088C5C1CE6BE8300AF6EAF /* none.png */ = {isa = PBXFileReference; lastKnownFileType = image.png; path = none.png; sourceTree = "<group>"; };
		F0088C5D1CE6BE8300AF6EAF /* LQImgPickerActionSheet.h */ = {isa = PBXFileReference; fileEncoding = 4; lastKnownFileType = sourcecode.c.h; path = LQImgPickerActionSheet.h; sourceTree = "<group>"; };
		F0088C5E1CE6BE8300AF6EAF /* LQImgPickerActionSheet.m */ = {isa = PBXFileReference; fileEncoding = 4; lastKnownFileType = sourcecode.c.objc; path = LQImgPickerActionSheet.m; sourceTree = "<group>"; };
		F0088C601CE6BE8300AF6EAF /* ImagePickerDefine.h */ = {isa = PBXFileReference; fileEncoding = 4; lastKnownFileType = sourcecode.c.h; path = ImagePickerDefine.h; sourceTree = "<group>"; };
		F0088C611CE6BE8300AF6EAF /* MGroupCell.h */ = {isa = PBXFileReference; fileEncoding = 4; lastKnownFileType = sourcecode.c.h; path = MGroupCell.h; sourceTree = "<group>"; };
		F0088C621CE6BE8300AF6EAF /* MGroupCell.m */ = {isa = PBXFileReference; fileEncoding = 4; lastKnownFileType = sourcecode.c.objc; path = MGroupCell.m; sourceTree = "<group>"; };
		F0088C631CE6BE8300AF6EAF /* MGroupCell.xib */ = {isa = PBXFileReference; fileEncoding = 4; lastKnownFileType = file.xib; path = MGroupCell.xib; sourceTree = "<group>"; };
		F0088C641CE6BE8300AF6EAF /* MImaCell.h */ = {isa = PBXFileReference; fileEncoding = 4; lastKnownFileType = sourcecode.c.h; path = MImaCell.h; sourceTree = "<group>"; };
		F0088C651CE6BE8300AF6EAF /* MImaCell.m */ = {isa = PBXFileReference; fileEncoding = 4; lastKnownFileType = sourcecode.c.objc; path = MImaCell.m; sourceTree = "<group>"; };
		F0088C661CE6BE8300AF6EAF /* MImaCell.xib */ = {isa = PBXFileReference; fileEncoding = 4; lastKnownFileType = file.xib; path = MImaCell.xib; sourceTree = "<group>"; };
		F0088C671CE6BE8300AF6EAF /* MImaLibTool.h */ = {isa = PBXFileReference; fileEncoding = 4; lastKnownFileType = sourcecode.c.h; path = MImaLibTool.h; sourceTree = "<group>"; };
		F0088C681CE6BE8300AF6EAF /* MImaLibTool.m */ = {isa = PBXFileReference; fileEncoding = 4; lastKnownFileType = sourcecode.c.objc; path = MImaLibTool.m; sourceTree = "<group>"; };
		F0088C691CE6BE8300AF6EAF /* MShowAllGroup.h */ = {isa = PBXFileReference; fileEncoding = 4; lastKnownFileType = sourcecode.c.h; path = MShowAllGroup.h; sourceTree = "<group>"; };
		F0088C6A1CE6BE8300AF6EAF /* MShowAllGroup.m */ = {isa = PBXFileReference; fileEncoding = 4; lastKnownFileType = sourcecode.c.objc; path = MShowAllGroup.m; sourceTree = "<group>"; };
		F0088C6B1CE6BE8300AF6EAF /* MShowGroupAllSet.h */ = {isa = PBXFileReference; fileEncoding = 4; lastKnownFileType = sourcecode.c.h; path = MShowGroupAllSet.h; sourceTree = "<group>"; };
		F0088C6C1CE6BE8300AF6EAF /* MShowGroupAllSet.m */ = {isa = PBXFileReference; fileEncoding = 4; lastKnownFileType = sourcecode.c.objc; path = MShowGroupAllSet.m; sourceTree = "<group>"; };
		F0088C6F1CE6BE8300AF6EAF /* SDBaseProgressView.h */ = {isa = PBXFileReference; fileEncoding = 4; lastKnownFileType = sourcecode.c.h; path = SDBaseProgressView.h; sourceTree = "<group>"; };
		F0088C701CE6BE8300AF6EAF /* SDBaseProgressView.m */ = {isa = PBXFileReference; fileEncoding = 4; lastKnownFileType = sourcecode.c.objc; path = SDBaseProgressView.m; sourceTree = "<group>"; };
		F0088C711CE6BE8300AF6EAF /* SDLoopProgressView.h */ = {isa = PBXFileReference; fileEncoding = 4; lastKnownFileType = sourcecode.c.h; path = SDLoopProgressView.h; sourceTree = "<group>"; };
		F0088C721CE6BE8300AF6EAF /* SDLoopProgressView.m */ = {isa = PBXFileReference; fileEncoding = 4; lastKnownFileType = sourcecode.c.objc; path = SDLoopProgressView.m; sourceTree = "<group>"; };
		F0088C731CE6BE8300AF6EAF /* SDProgressView.h */ = {isa = PBXFileReference; fileEncoding = 4; lastKnownFileType = sourcecode.c.h; path = SDProgressView.h; sourceTree = "<group>"; };
		F0088C751CE6BE8300AF6EAF /* SDDemoItemView.h */ = {isa = PBXFileReference; fileEncoding = 4; lastKnownFileType = sourcecode.c.h; path = SDDemoItemView.h; sourceTree = "<group>"; };
		F0088C761CE6BE8300AF6EAF /* SDDemoItemView.m */ = {isa = PBXFileReference; fileEncoding = 4; lastKnownFileType = sourcecode.c.objc; path = SDDemoItemView.m; sourceTree = "<group>"; };
		F0088C771CE6BE8300AF6EAF /* LQPhotoPickerViewController.h */ = {isa = PBXFileReference; fileEncoding = 4; lastKnownFileType = sourcecode.c.h; path = LQPhotoPickerViewController.h; sourceTree = "<group>"; };
		F0088C781CE6BE8300AF6EAF /* LQPhotoPickerViewController.m */ = {isa = PBXFileReference; fileEncoding = 4; lastKnownFileType = sourcecode.c.objc; path = LQPhotoPickerViewController.m; sourceTree = "<group>"; };
		F0088C791CE6BE8300AF6EAF /* LQPhotoViewCell.h */ = {isa = PBXFileReference; fileEncoding = 4; lastKnownFileType = sourcecode.c.h; path = LQPhotoViewCell.h; sourceTree = "<group>"; };
		F0088C7A1CE6BE8300AF6EAF /* LQPhotoViewCell.m */ = {isa = PBXFileReference; fileEncoding = 4; lastKnownFileType = sourcecode.c.objc; path = LQPhotoViewCell.m; sourceTree = "<group>"; };
		F0088C7B1CE6BE8300AF6EAF /* LQPhotoViewCell.xib */ = {isa = PBXFileReference; fileEncoding = 4; lastKnownFileType = file.xib; path = LQPhotoViewCell.xib; sourceTree = "<group>"; };
		F0088CA11CE6C16F00AF6EAF /* PublishViewController.h */ = {isa = PBXFileReference; fileEncoding = 4; lastKnownFileType = sourcecode.c.h; path = PublishViewController.h; sourceTree = "<group>"; };
		F0088CA21CE6C16F00AF6EAF /* PublishViewController.m */ = {isa = PBXFileReference; fileEncoding = 4; lastKnownFileType = sourcecode.c.objc; path = PublishViewController.m; sourceTree = "<group>"; };
		F02114091CE2D81A00676971 /* InformationDetailViewController.h */ = {isa = PBXFileReference; fileEncoding = 4; lastKnownFileType = sourcecode.c.h; path = InformationDetailViewController.h; sourceTree = "<group>"; };
		F021140A1CE2D81A00676971 /* InformationDetailViewController.m */ = {isa = PBXFileReference; fileEncoding = 4; lastKnownFileType = sourcecode.c.objc; path = InformationDetailViewController.m; sourceTree = "<group>"; };
		F021140C1CE2FD5D00676971 /* SerVeDetailViewController.h */ = {isa = PBXFileReference; fileEncoding = 4; lastKnownFileType = sourcecode.c.h; path = SerVeDetailViewController.h; sourceTree = "<group>"; };
		F021140D1CE2FD5D00676971 /* SerVeDetailViewController.m */ = {isa = PBXFileReference; fileEncoding = 4; lastKnownFileType = sourcecode.c.objc; path = SerVeDetailViewController.m; sourceTree = "<group>"; };
		F026E5ED1CFD2F9B00C22FCE /* ForgetPwdViewController.h */ = {isa = PBXFileReference; fileEncoding = 4; lastKnownFileType = sourcecode.c.h; path = ForgetPwdViewController.h; sourceTree = "<group>"; };
		F026E5EE1CFD2F9B00C22FCE /* ForgetPwdViewController.m */ = {isa = PBXFileReference; fileEncoding = 4; lastKnownFileType = sourcecode.c.objc; path = ForgetPwdViewController.m; sourceTree = "<group>"; };
		F0607B201CE5690F0029EE31 /* jpush-ios-2.1.6.a */ = {isa = PBXFileReference; lastKnownFileType = archive.ar; path = "jpush-ios-2.1.6.a"; sourceTree = "<group>"; };
		F0607B211CE5690F0029EE31 /* JPUSHService.h */ = {isa = PBXFileReference; fileEncoding = 4; lastKnownFileType = sourcecode.c.h; path = JPUSHService.h; sourceTree = "<group>"; };
		F0607B231CE56EED0029EE31 /* CoreTelephony.framework */ = {isa = PBXFileReference; lastKnownFileType = wrapper.framework; name = CoreTelephony.framework; path = System/Library/Frameworks/CoreTelephony.framework; sourceTree = SDKROOT; };
		F0607B321CE56F9D0029EE31 /* libz.tbd */ = {isa = PBXFileReference; lastKnownFileType = "sourcecode.text-based-dylib-definition"; name = libz.tbd; path = usr/lib/libz.tbd; sourceTree = SDKROOT; };
		F0607B341CE5752F0029EE31 /* MenuModel.h */ = {isa = PBXFileReference; fileEncoding = 4; lastKnownFileType = sourcecode.c.h; path = MenuModel.h; sourceTree = "<group>"; };
		F0607B351CE5752F0029EE31 /* MenuModel.m */ = {isa = PBXFileReference; fileEncoding = 4; lastKnownFileType = sourcecode.c.objc; path = MenuModel.m; sourceTree = "<group>"; };
		F0607B381CE5B6650029EE31 /* ZQDatabaseHelper.h */ = {isa = PBXFileReference; fileEncoding = 4; lastKnownFileType = sourcecode.c.h; path = ZQDatabaseHelper.h; sourceTree = "<group>"; };
		F0607B391CE5B6650029EE31 /* ZQDatabaseHelper.m */ = {isa = PBXFileReference; fileEncoding = 4; lastKnownFileType = sourcecode.c.objc; path = ZQDatabaseHelper.m; sourceTree = "<group>"; };
		F0607B3A1CE5B6650029EE31 /* ZQDatabaseManager.h */ = {isa = PBXFileReference; fileEncoding = 4; lastKnownFileType = sourcecode.c.h; path = ZQDatabaseManager.h; sourceTree = "<group>"; };
		F0607B3B1CE5B6650029EE31 /* ZQDatabaseManager.m */ = {isa = PBXFileReference; fileEncoding = 4; lastKnownFileType = sourcecode.c.objc; path = ZQDatabaseManager.m; sourceTree = "<group>"; };
		F0607B3C1CE5B6650029EE31 /* ZQDatabaseModel.h */ = {isa = PBXFileReference; fileEncoding = 4; lastKnownFileType = sourcecode.c.h; path = ZQDatabaseModel.h; sourceTree = "<group>"; };
		F0607B3D1CE5B6650029EE31 /* ZQDatabaseModel.m */ = {isa = PBXFileReference; fileEncoding = 4; lastKnownFileType = sourcecode.c.objc; path = ZQDatabaseModel.m; sourceTree = "<group>"; };
		F0614DCF1CE1C4180036CC3E /* MyInformationsViewController.h */ = {isa = PBXFileReference; fileEncoding = 4; lastKnownFileType = sourcecode.c.h; path = MyInformationsViewController.h; sourceTree = "<group>"; };
		F0614DD01CE1C4180036CC3E /* MyInformationsViewController.m */ = {isa = PBXFileReference; fileEncoding = 4; lastKnownFileType = sourcecode.c.objc; path = MyInformationsViewController.m; sourceTree = "<group>"; };
		F092EEC01CE6B79500353351 /* MsgType1TabCell.h */ = {isa = PBXFileReference; fileEncoding = 4; lastKnownFileType = sourcecode.c.h; path = MsgType1TabCell.h; sourceTree = "<group>"; };
		F092EEC11CE6B79500353351 /* MsgType1TabCell.m */ = {isa = PBXFileReference; fileEncoding = 4; lastKnownFileType = sourcecode.c.objc; path = MsgType1TabCell.m; sourceTree = "<group>"; };
		F092EEC21CE6B79500353351 /* MsgType1TabCell.xib */ = {isa = PBXFileReference; fileEncoding = 4; lastKnownFileType = file.xib; path = MsgType1TabCell.xib; sourceTree = "<group>"; };
		F0C4AAEB1CE2E14A0067E986 /* MHAsiNetworkDefine.h */ = {isa = PBXFileReference; fileEncoding = 4; lastKnownFileType = sourcecode.c.h; path = MHAsiNetworkDefine.h; sourceTree = "<group>"; };
		F0C4AAEC1CE2E14A0067E986 /* MHAsiNetworkDelegate.h */ = {isa = PBXFileReference; fileEncoding = 4; lastKnownFileType = sourcecode.c.h; path = MHAsiNetworkDelegate.h; sourceTree = "<group>"; };
		F0C4AAED1CE2E14A0067E986 /* MHAsiNetworkHandler.h */ = {isa = PBXFileReference; fileEncoding = 4; lastKnownFileType = sourcecode.c.h; path = MHAsiNetworkHandler.h; sourceTree = "<group>"; };
		F0C4AAEE1CE2E14A0067E986 /* MHAsiNetworkHandler.m */ = {isa = PBXFileReference; fileEncoding = 4; lastKnownFileType = sourcecode.c.objc; path = MHAsiNetworkHandler.m; sourceTree = "<group>"; };
		F0C4AAEF1CE2E14A0067E986 /* MHAsiNetworkItem.h */ = {isa = PBXFileReference; fileEncoding = 4; lastKnownFileType = sourcecode.c.h; path = MHAsiNetworkItem.h; sourceTree = "<group>"; };
		F0C4AAF01CE2E14A0067E986 /* MHAsiNetworkItem.m */ = {isa = PBXFileReference; fileEncoding = 4; lastKnownFileType = sourcecode.c.objc; path = MHAsiNetworkItem.m; sourceTree = "<group>"; };
		F0C4AAF11CE2E14A0067E986 /* MHNetworkManager.h */ = {isa = PBXFileReference; fileEncoding = 4; lastKnownFileType = sourcecode.c.h; path = MHNetworkManager.h; sourceTree = "<group>"; };
		F0C4AAF21CE2E14A0067E986 /* MHNetworkManager.m */ = {isa = PBXFileReference; fileEncoding = 4; lastKnownFileType = sourcecode.c.objc; path = MHNetworkManager.m; sourceTree = "<group>"; };
		F0C4AAF31CE2E14A0067E986 /* MHNetwrok.h */ = {isa = PBXFileReference; fileEncoding = 4; lastKnownFileType = sourcecode.c.h; path = MHNetwrok.h; sourceTree = "<group>"; };
		F0C4AAF41CE2E14A0067E986 /* MHUploadParam.h */ = {isa = PBXFileReference; fileEncoding = 4; lastKnownFileType = sourcecode.c.h; path = MHUploadParam.h; sourceTree = "<group>"; };
		F0C4AAF51CE2E14A0067E986 /* MHUploadParam.m */ = {isa = PBXFileReference; fileEncoding = 4; lastKnownFileType = sourcecode.c.objc; path = MHUploadParam.m; sourceTree = "<group>"; };
		F0C4AAFA1CE2E3520067E986 /* MBProgressHUD.bundle */ = {isa = PBXFileReference; lastKnownFileType = "wrapper.plug-in"; path = MBProgressHUD.bundle; sourceTree = "<group>"; };
		F0C4AAFB1CE2E3520067E986 /* MBProgressHUD+Add.h */ = {isa = PBXFileReference; fileEncoding = 4; lastKnownFileType = sourcecode.c.h; path = "MBProgressHUD+Add.h"; sourceTree = "<group>"; };
		F0C4AAFC1CE2E3520067E986 /* MBProgressHUD+Add.m */ = {isa = PBXFileReference; fileEncoding = 4; lastKnownFileType = sourcecode.c.objc; path = "MBProgressHUD+Add.m"; sourceTree = "<group>"; };
		F0C4AB041CE3194B0067E986 /* ZQPhotoViewCell.h */ = {isa = PBXFileReference; fileEncoding = 4; lastKnownFileType = sourcecode.c.h; path = ZQPhotoViewCell.h; sourceTree = "<group>"; };
		F0C4AB051CE3194B0067E986 /* ZQPhotoViewCell.m */ = {isa = PBXFileReference; fileEncoding = 4; lastKnownFileType = sourcecode.c.objc; path = ZQPhotoViewCell.m; sourceTree = "<group>"; };
		F0C4AB061CE3194B0067E986 /* ZQPhotoViewCell.xib */ = {isa = PBXFileReference; fileEncoding = 4; lastKnownFileType = file.xib; path = ZQPhotoViewCell.xib; sourceTree = "<group>"; };
		F0DC51461CE84AC800CE29AD /* DJBrowserImageView.h */ = {isa = PBXFileReference; fileEncoding = 4; lastKnownFileType = sourcecode.c.h; path = DJBrowserImageView.h; sourceTree = "<group>"; };
		F0DC51471CE84AC800CE29AD /* DJBrowserImageView.m */ = {isa = PBXFileReference; fileEncoding = 4; lastKnownFileType = sourcecode.c.objc; path = DJBrowserImageView.m; sourceTree = "<group>"; };
		F0DC51481CE84AC800CE29AD /* DJPhotoBrowser.h */ = {isa = PBXFileReference; fileEncoding = 4; lastKnownFileType = sourcecode.c.h; path = DJPhotoBrowser.h; sourceTree = "<group>"; };
		F0DC51491CE84AC800CE29AD /* DJPhotoBrowser.m */ = {isa = PBXFileReference; fileEncoding = 4; lastKnownFileType = sourcecode.c.objc; path = DJPhotoBrowser.m; sourceTree = "<group>"; };
		F0DC514A1CE84AC800CE29AD /* DJPhotoBrowserConfig.h */ = {isa = PBXFileReference; fileEncoding = 4; lastKnownFileType = sourcecode.c.h; path = DJPhotoBrowserConfig.h; sourceTree = "<group>"; };
		F0DC514B1CE84AC800CE29AD /* DJWaitingView.h */ = {isa = PBXFileReference; fileEncoding = 4; lastKnownFileType = sourcecode.c.h; path = DJWaitingView.h; sourceTree = "<group>"; };
		F0DC514C1CE84AC800CE29AD /* DJWaitingView.m */ = {isa = PBXFileReference; fileEncoding = 4; lastKnownFileType = sourcecode.c.objc; path = DJWaitingView.m; sourceTree = "<group>"; };
		F0DC51551CE84CB400CE29AD /* ImgCell.h */ = {isa = PBXFileReference; fileEncoding = 4; lastKnownFileType = sourcecode.c.h; path = ImgCell.h; sourceTree = "<group>"; };
		F0DC51561CE84CB400CE29AD /* ImgCell.m */ = {isa = PBXFileReference; fileEncoding = 4; lastKnownFileType = sourcecode.c.objc; path = ImgCell.m; sourceTree = "<group>"; };
		F0DC51571CE84CB400CE29AD /* ImgCell.xib */ = {isa = PBXFileReference; fileEncoding = 4; lastKnownFileType = file.xib; path = ImgCell.xib; sourceTree = "<group>"; };
		F0E396A81CE1858700D4137E /* UIView+ZQExtention.h */ = {isa = PBXFileReference; fileEncoding = 4; lastKnownFileType = sourcecode.c.h; path = "UIView+ZQExtention.h"; sourceTree = "<group>"; };
		F0E396A91CE1858700D4137E /* UIView+ZQExtention.m */ = {isa = PBXFileReference; fileEncoding = 4; lastKnownFileType = sourcecode.c.objc; path = "UIView+ZQExtention.m"; sourceTree = "<group>"; };
		F0E396AE1CE186D200D4137E /* RegisterViewController.h */ = {isa = PBXFileReference; fileEncoding = 4; lastKnownFileType = sourcecode.c.h; path = RegisterViewController.h; sourceTree = "<group>"; };
		F0E396AF1CE186D200D4137E /* RegisterViewController.m */ = {isa = PBXFileReference; fileEncoding = 4; lastKnownFileType = sourcecode.c.objc; path = RegisterViewController.m; sourceTree = "<group>"; };
		F0E396B81CE1B4FA00D4137E /* MainCollCell.h */ = {isa = PBXFileReference; fileEncoding = 4; lastKnownFileType = sourcecode.c.h; path = MainCollCell.h; sourceTree = "<group>"; };
		F0E396B91CE1B4FA00D4137E /* MainCollCell.m */ = {isa = PBXFileReference; fileEncoding = 4; lastKnownFileType = sourcecode.c.objc; path = MainCollCell.m; sourceTree = "<group>"; };
		F0E396BA1CE1B4FA00D4137E /* MainCollCell.xib */ = {isa = PBXFileReference; fileEncoding = 4; lastKnownFileType = file.xib; path = MainCollCell.xib; sourceTree = "<group>"; };
		F0E396BD1CE1B9C300D4137E /* MianZeViewController.h */ = {isa = PBXFileReference; fileEncoding = 4; lastKnownFileType = sourcecode.c.h; path = MianZeViewController.h; sourceTree = "<group>"; };
		F0E396BE1CE1B9C300D4137E /* MianZeViewController.m */ = {isa = PBXFileReference; fileEncoding = 4; lastKnownFileType = sourcecode.c.objc; path = MianZeViewController.m; sourceTree = "<group>"; };
		F0E396BF1CE1B9C300D4137E /* SuggestionsViewController.h */ = {isa = PBXFileReference; fileEncoding = 4; lastKnownFileType = sourcecode.c.h; path = SuggestionsViewController.h; sourceTree = "<group>"; };
		F0E396C01CE1B9C300D4137E /* SuggestionsViewController.m */ = {isa = PBXFileReference; fileEncoding = 4; lastKnownFileType = sourcecode.c.objc; path = SuggestionsViewController.m; sourceTree = "<group>"; };
		F0E396C91CE1BA5400D4137E /* AYCButton.h */ = {isa = PBXFileReference; fileEncoding = 4; lastKnownFileType = sourcecode.c.h; path = AYCButton.h; sourceTree = "<group>"; };
		F0E396CA1CE1BA5400D4137E /* AYCButton.m */ = {isa = PBXFileReference; fileEncoding = 4; lastKnownFileType = sourcecode.c.objc; path = AYCButton.m; sourceTree = "<group>"; };
		F0E396CB1CE1BA5400D4137E /* UIViewController+AYCNavigationItem.h */ = {isa = PBXFileReference; fileEncoding = 4; lastKnownFileType = sourcecode.c.h; path = "UIViewController+AYCNavigationItem.h"; sourceTree = "<group>"; };
		F0E396CC1CE1BA5400D4137E /* UIViewController+AYCNavigationItem.m */ = {isa = PBXFileReference; fileEncoding = 4; lastKnownFileType = sourcecode.c.objc; path = "UIViewController+AYCNavigationItem.m"; sourceTree = "<group>"; };
		F0E396D01CE1E9E000D4137E /* ServeInfoViewController.h */ = {isa = PBXFileReference; fileEncoding = 4; lastKnownFileType = sourcecode.c.h; path = ServeInfoViewController.h; sourceTree = "<group>"; };
		F0E396D11CE1E9E000D4137E /* ServeInfoViewController.m */ = {isa = PBXFileReference; fileEncoding = 4; lastKnownFileType = sourcecode.c.objc; path = ServeInfoViewController.m; sourceTree = "<group>"; };
		F0E396D41CE1EB8C00D4137E /* ServeTabCell.h */ = {isa = PBXFileReference; fileEncoding = 4; lastKnownFileType = sourcecode.c.h; path = ServeTabCell.h; sourceTree = "<group>"; };
		F0E396D51CE1EB8C00D4137E /* ServeTabCell.m */ = {isa = PBXFileReference; fileEncoding = 4; lastKnownFileType = sourcecode.c.objc; path = ServeTabCell.m; sourceTree = "<group>"; };
		F0E396D61CE1EB8C00D4137E /* ServeTabCell.xib */ = {isa = PBXFileReference; fileEncoding = 4; lastKnownFileType = file.xib; path = ServeTabCell.xib; sourceTree = "<group>"; };
		F0ED7A1F1CE4676300369D33 /* MessageModel.h */ = {isa = PBXFileReference; fileEncoding = 4; lastKnownFileType = sourcecode.c.h; path = MessageModel.h; sourceTree = "<group>"; };
		F0ED7A201CE4676300369D33 /* MessageModel.m */ = {isa = PBXFileReference; fileEncoding = 4; lastKnownFileType = sourcecode.c.objc; path = MessageModel.m; sourceTree = "<group>"; };
		F0F18BD81CF845B000BD675F /* InfoClassifyViewController.h */ = {isa = PBXFileReference; fileEncoding = 4; lastKnownFileType = sourcecode.c.h; path = InfoClassifyViewController.h; sourceTree = "<group>"; };
		F0F18BD91CF845B000BD675F /* InfoClassifyViewController.m */ = {isa = PBXFileReference; fileEncoding = 4; lastKnownFileType = sourcecode.c.objc; path = InfoClassifyViewController.m; sourceTree = "<group>"; };
		F0F379CE1CE07AD90047A469 /* XiZhanApp.app */ = {isa = PBXFileReference; explicitFileType = wrapper.application; includeInIndex = 0; path = XiZhanApp.app; sourceTree = BUILT_PRODUCTS_DIR; };
		F0F379D21CE07AD90047A469 /* main.m */ = {isa = PBXFileReference; lastKnownFileType = sourcecode.c.objc; path = main.m; sourceTree = "<group>"; };
		F0F379D41CE07AD90047A469 /* AppDelegate.h */ = {isa = PBXFileReference; lastKnownFileType = sourcecode.c.h; path = AppDelegate.h; sourceTree = "<group>"; };
		F0F379D51CE07AD90047A469 /* AppDelegate.m */ = {isa = PBXFileReference; lastKnownFileType = sourcecode.c.objc; path = AppDelegate.m; sourceTree = "<group>"; };
		F0F379DB1CE07AD90047A469 /* Base */ = {isa = PBXFileReference; lastKnownFileType = file.storyboard; name = Base; path = Base.lproj/Main.storyboard; sourceTree = "<group>"; };
		F0F379DD1CE07AD90047A469 /* Assets.xcassets */ = {isa = PBXFileReference; lastKnownFileType = folder.assetcatalog; path = Assets.xcassets; sourceTree = "<group>"; };
		F0F379E01CE07AD90047A469 /* Base */ = {isa = PBXFileReference; lastKnownFileType = file.storyboard; name = Base; path = Base.lproj/LaunchScreen.storyboard; sourceTree = "<group>"; };
		F0F379E21CE07AD90047A469 /* Info.plist */ = {isa = PBXFileReference; lastKnownFileType = text.plist.xml; path = Info.plist; sourceTree = "<group>"; };
		F0F379ED1CE07B280047A469 /* RestAPI.h */ = {isa = PBXFileReference; fileEncoding = 4; lastKnownFileType = sourcecode.c.h; path = RestAPI.h; sourceTree = "<group>"; };
		F0F379EF1CE07B280047A469 /* BaseNaviViewController.h */ = {isa = PBXFileReference; fileEncoding = 4; lastKnownFileType = sourcecode.c.h; path = BaseNaviViewController.h; sourceTree = "<group>"; };
		F0F379F01CE07B280047A469 /* BaseNaviViewController.m */ = {isa = PBXFileReference; fileEncoding = 4; lastKnownFileType = sourcecode.c.objc; path = BaseNaviViewController.m; sourceTree = "<group>"; };
		F0F379F11CE07B280047A469 /* BaseTabBarViewController.h */ = {isa = PBXFileReference; fileEncoding = 4; lastKnownFileType = sourcecode.c.h; path = BaseTabBarViewController.h; sourceTree = "<group>"; };
		F0F379F21CE07B280047A469 /* BaseTabBarViewController.m */ = {isa = PBXFileReference; fileEncoding = 4; lastKnownFileType = sourcecode.c.objc; path = BaseTabBarViewController.m; sourceTree = "<group>"; };
		F0F379F31CE07B280047A469 /* BaseViewController.h */ = {isa = PBXFileReference; fileEncoding = 4; lastKnownFileType = sourcecode.c.h; path = BaseViewController.h; sourceTree = "<group>"; };
		F0F379F41CE07B280047A469 /* BaseViewController.m */ = {isa = PBXFileReference; fileEncoding = 4; lastKnownFileType = sourcecode.c.objc; path = BaseViewController.m; sourceTree = "<group>"; };
		F0F379FB1CE07B280047A469 /* User.h */ = {isa = PBXFileReference; fileEncoding = 4; lastKnownFileType = sourcecode.c.h; path = User.h; sourceTree = "<group>"; };
		F0F379FC1CE07B280047A469 /* User.m */ = {isa = PBXFileReference; fileEncoding = 4; lastKnownFileType = sourcecode.c.objc; path = User.m; sourceTree = "<group>"; };
		F0F379FD1CE07B280047A469 /* PrefixHeader.pch */ = {isa = PBXFileReference; fileEncoding = 4; lastKnownFileType = sourcecode.c.h; path = PrefixHeader.pch; sourceTree = "<group>"; };
		F0F37A001CE07B280047A469 /* Utility.h */ = {isa = PBXFileReference; fileEncoding = 4; lastKnownFileType = sourcecode.c.h; path = Utility.h; sourceTree = "<group>"; };
		F0F37A011CE07B280047A469 /* Utility.m */ = {isa = PBXFileReference; fileEncoding = 4; lastKnownFileType = sourcecode.c.objc; path = Utility.m; sourceTree = "<group>"; };
		F0F37A121CE084BB0047A469 /* MainViewController.h */ = {isa = PBXFileReference; fileEncoding = 4; lastKnownFileType = sourcecode.c.h; path = MainViewController.h; sourceTree = "<group>"; };
		F0F37A131CE084BB0047A469 /* MainViewController.m */ = {isa = PBXFileReference; fileEncoding = 4; lastKnownFileType = sourcecode.c.objc; path = MainViewController.m; sourceTree = "<group>"; };
		F0F37A191CE088390047A469 /* LeftSlideViewController.h */ = {isa = PBXFileReference; fileEncoding = 4; lastKnownFileType = sourcecode.c.h; path = LeftSlideViewController.h; sourceTree = "<group>"; };
		F0F37A1A1CE088390047A469 /* LeftSlideViewController.m */ = {isa = PBXFileReference; fileEncoding = 4; lastKnownFileType = sourcecode.c.objc; path = LeftSlideViewController.m; sourceTree = "<group>"; };
		F0F37A1B1CE088390047A469 /* UIView_extra.h */ = {isa = PBXFileReference; fileEncoding = 4; lastKnownFileType = sourcecode.c.h; path = UIView_extra.h; sourceTree = "<group>"; };
		F0F37A1C1CE088390047A469 /* UIView_extra.m */ = {isa = PBXFileReference; fileEncoding = 4; lastKnownFileType = sourcecode.c.objc; path = UIView_extra.m; sourceTree = "<group>"; };
		F0F37A1F1CE08BC80047A469 /* LeftSortsViewController.h */ = {isa = PBXFileReference; fileEncoding = 4; lastKnownFileType = sourcecode.c.h; path = LeftSortsViewController.h; sourceTree = "<group>"; };
		F0F37A201CE08BC80047A469 /* LeftSortsViewController.m */ = {isa = PBXFileReference; fileEncoding = 4; lastKnownFileType = sourcecode.c.objc; path = LeftSortsViewController.m; sourceTree = "<group>"; };
		F0F37A231CE093A10047A469 /* LoginViewController.h */ = {isa = PBXFileReference; fileEncoding = 4; lastKnownFileType = sourcecode.c.h; path = LoginViewController.h; sourceTree = "<group>"; };
		F0F37A241CE093A10047A469 /* LoginViewController.m */ = {isa = PBXFileReference; fileEncoding = 4; lastKnownFileType = sourcecode.c.objc; path = LoginViewController.m; sourceTree = "<group>"; };
		F0FA99261CE2D0460078C74B /* LeftSortsTabCell.h */ = {isa = PBXFileReference; fileEncoding = 4; lastKnownFileType = sourcecode.c.h; path = LeftSortsTabCell.h; sourceTree = "<group>"; };
		F0FA99271CE2D0460078C74B /* LeftSortsTabCell.m */ = {isa = PBXFileReference; fileEncoding = 4; lastKnownFileType = sourcecode.c.objc; path = LeftSortsTabCell.m; sourceTree = "<group>"; };
		F0FA99281CE2D0460078C74B /* LeftSortsTabCell.xib */ = {isa = PBXFileReference; fileEncoding = 4; lastKnownFileType = file.xib; path = LeftSortsTabCell.xib; sourceTree = "<group>"; };
		F0FC4B181CFD781700E6A536 /* MenuType2TabCell.h */ = {isa = PBXFileReference; fileEncoding = 4; lastKnownFileType = sourcecode.c.h; path = MenuType2TabCell.h; sourceTree = "<group>"; };
		F0FC4B191CFD781700E6A536 /* MenuType2TabCell.m */ = {isa = PBXFileReference; fileEncoding = 4; lastKnownFileType = sourcecode.c.objc; path = MenuType2TabCell.m; sourceTree = "<group>"; };
		F0FC4B1A1CFD781700E6A536 /* MenuType2TabCell.xib */ = {isa = PBXFileReference; fileEncoding = 4; lastKnownFileType = file.xib; path = MenuType2TabCell.xib; sourceTree = "<group>"; };
/* End PBXFileReference section */

/* Begin PBXFrameworksBuildPhase section */
		F0F379CB1CE07AD90047A469 /* Frameworks */ = {
			isa = PBXFrameworksBuildPhase;
			buildActionMask = 2147483647;
			files = (
				F0607B331CE56F9D0029EE31 /* libz.tbd in Frameworks */,
				F0607B241CE56EED0029EE31 /* CoreTelephony.framework in Frameworks */,
				F0607B221CE5690F0029EE31 /* jpush-ios-2.1.6.a in Frameworks */,
				9BD07646BEBB48D36F1787A9 /* libPods-XiZhanApp.a in Frameworks */,
			);
			runOnlyForDeploymentPostprocessing = 0;
		};
/* End PBXFrameworksBuildPhase section */

/* Begin PBXGroup section */
		073DFD2B7A10B88992F80567 /* Pods */ = {
			isa = PBXGroup;
			children = (
				1D5605D5BC043DB5427C2060 /* Pods-XiZhanApp.debug.xcconfig */,
				15D31FFDB611C4BDBC732DF9 /* Pods-XiZhanApp.release.xcconfig */,
			);
			name = Pods;
			sourceTree = "<group>";
		};
		63AABC9602237B4FCE3BC932 /* Frameworks */ = {
			isa = PBXGroup;
			children = (
				F0607B321CE56F9D0029EE31 /* libz.tbd */,
				F0607B231CE56EED0029EE31 /* CoreTelephony.framework */,
				5255C008A689B328196B5986 /* libPods-XiZhanApp.a */,
			);
			name = Frameworks;
			sourceTree = "<group>";
		};
		F0088C3D1CE6BE8300AF6EAF /* LQPhotoPicker */ = {
			isa = PBXGroup;
			children = (
				F0088C3E1CE6BE8300AF6EAF /* img */,
				F0088C4B1CE6BE8300AF6EAF /* LQImgPicker */,
				F0088C771CE6BE8300AF6EAF /* LQPhotoPickerViewController.h */,
				F0088C781CE6BE8300AF6EAF /* LQPhotoPickerViewController.m */,
				F0088C791CE6BE8300AF6EAF /* LQPhotoViewCell.h */,
				F0088C7A1CE6BE8300AF6EAF /* LQPhotoViewCell.m */,
				F0088C7B1CE6BE8300AF6EAF /* LQPhotoViewCell.xib */,
			);
			path = LQPhotoPicker;
			sourceTree = "<group>";
		};
		F0088C3E1CE6BE8300AF6EAF /* img */ = {
			isa = PBXGroup;
			children = (
				F0088C3F1CE6BE8300AF6EAF /* close.png */,
				F0088C401CE6BE8300AF6EAF /* close@2x.png */,
				F0088C411CE6BE8300AF6EAF /* close@3x.png */,
				F0088C421CE6BE8300AF6EAF /* ico_check_nomal.png */,
				F0088C431CE6BE8300AF6EAF /* ico_check_nomal@2x.png */,
				F0088C441CE6BE8300AF6EAF /* ico_check_nomal@3x.png */,
				F0088C451CE6BE8300AF6EAF /* ico_check_select.png */,
				F0088C461CE6BE8300AF6EAF /* ico_check_select@2x.png */,
				F0088C471CE6BE8300AF6EAF /* ico_check_select@3x.png */,
				F0088C481CE6BE8300AF6EAF /* plus.png */,
				F0088C491CE6BE8300AF6EAF /* plus@2x.png */,
				F0088C4A1CE6BE8300AF6EAF /* plus@3x.png */,
			);
			path = img;
			sourceTree = "<group>";
		};
		F0088C4B1CE6BE8300AF6EAF /* LQImgPicker */ = {
			isa = PBXGroup;
			children = (
				F0088C4C1CE6BE8300AF6EAF /* CollectionViewInfo */,
				F0088C531CE6BE8300AF6EAF /* JJPhotoViewer */,
				F0088C5D1CE6BE8300AF6EAF /* LQImgPickerActionSheet.h */,
				F0088C5E1CE6BE8300AF6EAF /* LQImgPickerActionSheet.m */,
				F0088C5F1CE6BE8300AF6EAF /* MImgpicker */,
				F0088C6D1CE6BE8300AF6EAF /* SDProgressView */,
			);
			path = LQImgPicker;
			sourceTree = "<group>";
		};
		F0088C4C1CE6BE8300AF6EAF /* CollectionViewInfo */ = {
			isa = PBXGroup;
			children = (
				F0088C4D1CE6BE8300AF6EAF /* MFlowLayOut.h */,
				F0088C4E1CE6BE8300AF6EAF /* MFlowLayOut.m */,
				F0088C4F1CE6BE8300AF6EAF /* MHeaderImaCell.h */,
				F0088C501CE6BE8300AF6EAF /* MHeaderImaCell.m */,
				F0088C511CE6BE8300AF6EAF /* MHeadImaView.h */,
				F0088C521CE6BE8300AF6EAF /* MHeadImaView.m */,
			);
			path = CollectionViewInfo;
			sourceTree = "<group>";
		};
		F0088C531CE6BE8300AF6EAF /* JJPhotoViewer */ = {
			isa = PBXGroup;
			children = (
				F0088C541CE6BE8300AF6EAF /* JJMainScrollView.h */,
				F0088C551CE6BE8300AF6EAF /* JJMainScrollView.m */,
				F0088C561CE6BE8300AF6EAF /* JJOneScrollView.h */,
				F0088C571CE6BE8300AF6EAF /* JJOneScrollView.m */,
				F0088C581CE6BE8300AF6EAF /* JJPhoto.h */,
				F0088C591CE6BE8300AF6EAF /* JJPhoto.m */,
				F0088C5A1CE6BE8300AF6EAF /* JJPhotoManeger.h */,
				F0088C5B1CE6BE8300AF6EAF /* JJPhotoManeger.m */,
				F0088C5C1CE6BE8300AF6EAF /* none.png */,
			);
			path = JJPhotoViewer;
			sourceTree = "<group>";
		};
		F0088C5F1CE6BE8300AF6EAF /* MImgpicker */ = {
			isa = PBXGroup;
			children = (
				F0088C601CE6BE8300AF6EAF /* ImagePickerDefine.h */,
				F0088C611CE6BE8300AF6EAF /* MGroupCell.h */,
				F0088C621CE6BE8300AF6EAF /* MGroupCell.m */,
				F0088C631CE6BE8300AF6EAF /* MGroupCell.xib */,
				F0088C641CE6BE8300AF6EAF /* MImaCell.h */,
				F0088C651CE6BE8300AF6EAF /* MImaCell.m */,
				F0088C661CE6BE8300AF6EAF /* MImaCell.xib */,
				F0088C671CE6BE8300AF6EAF /* MImaLibTool.h */,
				F0088C681CE6BE8300AF6EAF /* MImaLibTool.m */,
				F0088C691CE6BE8300AF6EAF /* MShowAllGroup.h */,
				F0088C6A1CE6BE8300AF6EAF /* MShowAllGroup.m */,
				F0088C6B1CE6BE8300AF6EAF /* MShowGroupAllSet.h */,
				F0088C6C1CE6BE8300AF6EAF /* MShowGroupAllSet.m */,
			);
			path = MImgpicker;
			sourceTree = "<group>";
		};
		F0088C6D1CE6BE8300AF6EAF /* SDProgressView */ = {
			isa = PBXGroup;
			children = (
				F0088C6E1CE6BE8300AF6EAF /* Lib */,
				F0088C741CE6BE8300AF6EAF /* View */,
			);
			path = SDProgressView;
			sourceTree = "<group>";
		};
		F0088C6E1CE6BE8300AF6EAF /* Lib */ = {
			isa = PBXGroup;
			children = (
				F0088C6F1CE6BE8300AF6EAF /* SDBaseProgressView.h */,
				F0088C701CE6BE8300AF6EAF /* SDBaseProgressView.m */,
				F0088C711CE6BE8300AF6EAF /* SDLoopProgressView.h */,
				F0088C721CE6BE8300AF6EAF /* SDLoopProgressView.m */,
				F0088C731CE6BE8300AF6EAF /* SDProgressView.h */,
			);
			path = Lib;
			sourceTree = "<group>";
		};
		F0088C741CE6BE8300AF6EAF /* View */ = {
			isa = PBXGroup;
			children = (
				F0088C751CE6BE8300AF6EAF /* SDDemoItemView.h */,
				F0088C761CE6BE8300AF6EAF /* SDDemoItemView.m */,
			);
			path = View;
			sourceTree = "<group>";
		};
		F0607B1F1CE5690F0029EE31 /* jPush */ = {
			isa = PBXGroup;
			children = (
				F0607B201CE5690F0029EE31 /* jpush-ios-2.1.6.a */,
				F0607B211CE5690F0029EE31 /* JPUSHService.h */,
			);
			path = jPush;
			sourceTree = "<group>";
		};
		F0607B371CE5B6650029EE31 /* 数据库 */ = {
			isa = PBXGroup;
			children = (
				F0607B381CE5B6650029EE31 /* ZQDatabaseHelper.h */,
				F0607B391CE5B6650029EE31 /* ZQDatabaseHelper.m */,
				F0607B3A1CE5B6650029EE31 /* ZQDatabaseManager.h */,
				F0607B3B1CE5B6650029EE31 /* ZQDatabaseManager.m */,
				F0607B3C1CE5B6650029EE31 /* ZQDatabaseModel.h */,
				F0607B3D1CE5B6650029EE31 /* ZQDatabaseModel.m */,
			);
			path = "数据库";
			sourceTree = "<group>";
		};
		F092EEBF1CE6B6E200353351 /* MessageList(消息列表) */ = {
			isa = PBXGroup;
			children = (
				F092EEC01CE6B79500353351 /* MsgType1TabCell.h */,
				F092EEC11CE6B79500353351 /* MsgType1TabCell.m */,
				F092EEC21CE6B79500353351 /* MsgType1TabCell.xib */,
				F0FC4B181CFD781700E6A536 /* MenuType2TabCell.h */,
				F0FC4B191CFD781700E6A536 /* MenuType2TabCell.m */,
				F0FC4B1A1CFD781700E6A536 /* MenuType2TabCell.xib */,
			);
			name = "MessageList(消息列表)";
			sourceTree = "<group>";
		};
		F0B664CA1CE191300033C8CF /* AcyButton */ = {
			isa = PBXGroup;
			children = (
				F0E396C91CE1BA5400D4137E /* AYCButton.h */,
				F0E396CA1CE1BA5400D4137E /* AYCButton.m */,
				F0E396CB1CE1BA5400D4137E /* UIViewController+AYCNavigationItem.h */,
				F0E396CC1CE1BA5400D4137E /* UIViewController+AYCNavigationItem.m */,
			);
			path = AcyButton;
			sourceTree = "<group>";
		};
		F0C4AAEA1CE2E14A0067E986 /* NetwrokHandle */ = {
			isa = PBXGroup;
			children = (
				F0C4AAEB1CE2E14A0067E986 /* MHAsiNetworkDefine.h */,
				F0C4AAEC1CE2E14A0067E986 /* MHAsiNetworkDelegate.h */,
				F0C4AAED1CE2E14A0067E986 /* MHAsiNetworkHandler.h */,
				F0C4AAEE1CE2E14A0067E986 /* MHAsiNetworkHandler.m */,
				F0C4AAEF1CE2E14A0067E986 /* MHAsiNetworkItem.h */,
				F0C4AAF01CE2E14A0067E986 /* MHAsiNetworkItem.m */,
				F0C4AAF11CE2E14A0067E986 /* MHNetworkManager.h */,
				F0C4AAF21CE2E14A0067E986 /* MHNetworkManager.m */,
				F0C4AAF31CE2E14A0067E986 /* MHNetwrok.h */,
				F0C4AAF41CE2E14A0067E986 /* MHUploadParam.h */,
				F0C4AAF51CE2E14A0067E986 /* MHUploadParam.m */,
			);
			path = NetwrokHandle;
			sourceTree = "<group>";
		};
		F0C4AAFF1CE309850067E986 /* VolunteerViewControllers(志愿者) */ = {
			isa = PBXGroup;
			children = (
			);
			name = "VolunteerViewControllers(志愿者)";
			sourceTree = "<group>";
		};
		F0C4AB001CE309D70067E986 /* NoticeViewControllers(站内公告) */ = {
			isa = PBXGroup;
			children = (
			);
			name = "NoticeViewControllers(站内公告)";
			sourceTree = "<group>";
		};
		F0DC51451CE84AC800CE29AD /* DJPhotoBrowser */ = {
			isa = PBXGroup;
			children = (
				F0DC51461CE84AC800CE29AD /* DJBrowserImageView.h */,
				F0DC51471CE84AC800CE29AD /* DJBrowserImageView.m */,
				F0DC51481CE84AC800CE29AD /* DJPhotoBrowser.h */,
				F0DC51491CE84AC800CE29AD /* DJPhotoBrowser.m */,
				F0DC514A1CE84AC800CE29AD /* DJPhotoBrowserConfig.h */,
				F0DC514B1CE84AC800CE29AD /* DJWaitingView.h */,
				F0DC514C1CE84AC800CE29AD /* DJWaitingView.m */,
			);
			path = DJPhotoBrowser;
			sourceTree = "<group>";
		};
		F0E396B11CE18F3400D4137E /* MainViews(首页) */ = {
			isa = PBXGroup;
			children = (
				F0E396B81CE1B4FA00D4137E /* MainCollCell.h */,
				F0E396B91CE1B4FA00D4137E /* MainCollCell.m */,
				F0E396BA1CE1B4FA00D4137E /* MainCollCell.xib */,
			);
			name = "MainViews(首页)";
			sourceTree = "<group>";
		};
		F0E396CF1CE1E96200D4137E /* ServeViewControllers(服务台) */ = {
			isa = PBXGroup;
			children = (
				F0E396D01CE1E9E000D4137E /* ServeInfoViewController.h */,
				F0E396D11CE1E9E000D4137E /* ServeInfoViewController.m */,
				F021140C1CE2FD5D00676971 /* SerVeDetailViewController.h */,
				F021140D1CE2FD5D00676971 /* SerVeDetailViewController.m */,
			);
			name = "ServeViewControllers(服务台)";
			sourceTree = "<group>";
		};
		F0E396D31CE1EB5200D4137E /* ServeViews(服务台类) */ = {
			isa = PBXGroup;
			children = (
				F0E396D41CE1EB8C00D4137E /* ServeTabCell.h */,
				F0E396D51CE1EB8C00D4137E /* ServeTabCell.m */,
				F0E396D61CE1EB8C00D4137E /* ServeTabCell.xib */,
			);
			name = "ServeViews(服务台类)";
			sourceTree = "<group>";
		};
		F0F379C51CE07AD90047A469 = {
			isa = PBXGroup;
			children = (
				F0F379D01CE07AD90047A469 /* XiZhanApp */,
				F0F379CF1CE07AD90047A469 /* Products */,
				63AABC9602237B4FCE3BC932 /* Frameworks */,
				073DFD2B7A10B88992F80567 /* Pods */,
			);
			sourceTree = "<group>";
		};
		F0F379CF1CE07AD90047A469 /* Products */ = {
			isa = PBXGroup;
			children = (
				F0F379CE1CE07AD90047A469 /* XiZhanApp.app */,
			);
			name = Products;
			sourceTree = "<group>";
		};
		F0F379D01CE07AD90047A469 /* XiZhanApp */ = {
			isa = PBXGroup;
			children = (
				F0F379E81CE07B280047A469 /* API */,
				F0F379EE1CE07B280047A469 /* BaseViewControllers */,
				F0F379FA1CE07B280047A469 /* Models */,
				F0F379F51CE07B280047A469 /* Controllers */,
				F0F37A041CE07B280047A469 /* Views */,
				F0F379F61CE07B280047A469 /* DataStorage */,
				F0F379F81CE07B280047A469 /* Helper */,
				F0F379FE1CE07B280047A469 /* Resources */,
				F0F379FF1CE07B280047A469 /* Utility */,
				F0F37A021CE07B280047A469 /* Venders */,
				F0F379D41CE07AD90047A469 /* AppDelegate.h */,
				F0F379D51CE07AD90047A469 /* AppDelegate.m */,
				F0F379DA1CE07AD90047A469 /* Main.storyboard */,
				F0F379DD1CE07AD90047A469 /* Assets.xcassets */,
				F0F379DF1CE07AD90047A469 /* LaunchScreen.storyboard */,
				F0F379E21CE07AD90047A469 /* Info.plist */,
				F0F379D11CE07AD90047A469 /* Supporting Files */,
			);
			path = XiZhanApp;
			sourceTree = "<group>";
		};
		F0F379D11CE07AD90047A469 /* Supporting Files */ = {
			isa = PBXGroup;
			children = (
				F0F379FD1CE07B280047A469 /* PrefixHeader.pch */,
				F0F379D21CE07AD90047A469 /* main.m */,
			);
			name = "Supporting Files";
			sourceTree = "<group>";
		};
		F0F379E81CE07B280047A469 /* API */ = {
			isa = PBXGroup;
			children = (
				F0F379ED1CE07B280047A469 /* RestAPI.h */,
				F0C4AAEA1CE2E14A0067E986 /* NetwrokHandle */,
			);
			path = API;
			sourceTree = "<group>";
		};
		F0F379EE1CE07B280047A469 /* BaseViewControllers */ = {
			isa = PBXGroup;
			children = (
				F0F379EF1CE07B280047A469 /* BaseNaviViewController.h */,
				F0F379F01CE07B280047A469 /* BaseNaviViewController.m */,
				F0F379F11CE07B280047A469 /* BaseTabBarViewController.h */,
				F0F379F21CE07B280047A469 /* BaseTabBarViewController.m */,
				F0F379F31CE07B280047A469 /* BaseViewController.h */,
				F0F379F41CE07B280047A469 /* BaseViewController.m */,
			);
			path = BaseViewControllers;
			sourceTree = "<group>";
		};
		F0F379F51CE07B280047A469 /* Controllers */ = {
			isa = PBXGroup;
			children = (
				F0F37A1F1CE08BC80047A469 /* LeftSortsViewController.h */,
				F0F37A201CE08BC80047A469 /* LeftSortsViewController.m */,
				F00007E81CF6CE6F00479EFB /* AboutXiZhanViewController.h */,
				F00007E91CF6CE6F00479EFB /* AboutXiZhanViewController.m */,
				F0088CA11CE6C16F00AF6EAF /* PublishViewController.h */,
				F0088CA21CE6C16F00AF6EAF /* PublishViewController.m */,
				F0C4AB001CE309D70067E986 /* NoticeViewControllers(站内公告) */,
				F0C4AAFF1CE309850067E986 /* VolunteerViewControllers(志愿者) */,
				F0E396CF1CE1E96200D4137E /* ServeViewControllers(服务台) */,
				F0F37A221CE093590047A469 /* LoginRegisterControllers(登录注册) */,
				F0F37A111CE084330047A469 /* MainViewControllers(首页) */,
			);
			path = Controllers;
			sourceTree = "<group>";
		};
		F0F379F61CE07B280047A469 /* DataStorage */ = {
			isa = PBXGroup;
			children = (
				F0607B371CE5B6650029EE31 /* 数据库 */,
			);
			path = DataStorage;
			sourceTree = "<group>";
		};
		F0F379F81CE07B280047A469 /* Helper */ = {
			isa = PBXGroup;
			children = (
				F0C4AAFA1CE2E3520067E986 /* MBProgressHUD.bundle */,
				F0C4AAFB1CE2E3520067E986 /* MBProgressHUD+Add.h */,
				F0C4AAFC1CE2E3520067E986 /* MBProgressHUD+Add.m */,
				F0E396A81CE1858700D4137E /* UIView+ZQExtention.h */,
				F0E396A91CE1858700D4137E /* UIView+ZQExtention.m */,
			);
			path = Helper;
			sourceTree = "<group>";
		};
		F0F379FA1CE07B280047A469 /* Models */ = {
			isa = PBXGroup;
			children = (
				F0F379FB1CE07B280047A469 /* User.h */,
				F0F379FC1CE07B280047A469 /* User.m */,
				F0ED7A1F1CE4676300369D33 /* MessageModel.h */,
				F0ED7A201CE4676300369D33 /* MessageModel.m */,
				F0607B341CE5752F0029EE31 /* MenuModel.h */,
				F0607B351CE5752F0029EE31 /* MenuModel.m */,
			);
			path = Models;
			sourceTree = "<group>";
		};
		F0F379FE1CE07B280047A469 /* Resources */ = {
			isa = PBXGroup;
			children = (
				F00007E61CF6CAA100479EFB /* about_info.png */,
			);
			path = Resources;
			sourceTree = "<group>";
		};
		F0F379FF1CE07B280047A469 /* Utility */ = {
			isa = PBXGroup;
			children = (
				F0F37A001CE07B280047A469 /* Utility.h */,
				F0F37A011CE07B280047A469 /* Utility.m */,
			);
			path = Utility;
			sourceTree = "<group>";
		};
		F0F37A021CE07B280047A469 /* Venders */ = {
			isa = PBXGroup;
			children = (
				F0DC51451CE84AC800CE29AD /* DJPhotoBrowser */,
				F0088C3D1CE6BE8300AF6EAF /* LQPhotoPicker */,
				F0607B1F1CE5690F0029EE31 /* jPush */,
				F0B664CA1CE191300033C8CF /* AcyButton */,
				F0F37A181CE088390047A469 /* LeftSlideViewController */,
			);
			path = Venders;
			sourceTree = "<group>";
		};
		F0F37A041CE07B280047A469 /* Views */ = {
			isa = PBXGroup;
			children = (
				F092EEBF1CE6B6E200353351 /* MessageList(消息列表) */,
				F0C4AB041CE3194B0067E986 /* ZQPhotoViewCell.h */,
				F0C4AB051CE3194B0067E986 /* ZQPhotoViewCell.m */,
				F0C4AB061CE3194B0067E986 /* ZQPhotoViewCell.xib */,
				F0FA99261CE2D0460078C74B /* LeftSortsTabCell.h */,
				F0FA99271CE2D0460078C74B /* LeftSortsTabCell.m */,
				F0FA99281CE2D0460078C74B /* LeftSortsTabCell.xib */,
				F0E396D31CE1EB5200D4137E /* ServeViews(服务台类) */,
				F0E396B11CE18F3400D4137E /* MainViews(首页) */,
				F0DC51551CE84CB400CE29AD /* ImgCell.h */,
				F0DC51561CE84CB400CE29AD /* ImgCell.m */,
				F0DC51571CE84CB400CE29AD /* ImgCell.xib */,
			);
			path = Views;
			sourceTree = "<group>";
		};
		F0F37A111CE084330047A469 /* MainViewControllers(首页) */ = {
			isa = PBXGroup;
			children = (
				F0F37A121CE084BB0047A469 /* MainViewController.h */,
				F0F37A131CE084BB0047A469 /* MainViewController.m */,
				F0E396BD1CE1B9C300D4137E /* MianZeViewController.h */,
				F0E396BE1CE1B9C300D4137E /* MianZeViewController.m */,
				F0E396BF1CE1B9C300D4137E /* SuggestionsViewController.h */,
				F0E396C01CE1B9C300D4137E /* SuggestionsViewController.m */,
				F0F18BD81CF845B000BD675F /* InfoClassifyViewController.h */,
				F0F18BD91CF845B000BD675F /* InfoClassifyViewController.m */,
				F0614DCF1CE1C4180036CC3E /* MyInformationsViewController.h */,
				F0614DD01CE1C4180036CC3E /* MyInformationsViewController.m */,
				F02114091CE2D81A00676971 /* InformationDetailViewController.h */,
				F021140A1CE2D81A00676971 /* InformationDetailViewController.m */,
			);
			name = "MainViewControllers(首页)";
			sourceTree = "<group>";
		};
		F0F37A181CE088390047A469 /* LeftSlideViewController */ = {
			isa = PBXGroup;
			children = (
				F0F37A191CE088390047A469 /* LeftSlideViewController.h */,
				F0F37A1A1CE088390047A469 /* LeftSlideViewController.m */,
				F0F37A1B1CE088390047A469 /* UIView_extra.h */,
				F0F37A1C1CE088390047A469 /* UIView_extra.m */,
			);
			path = LeftSlideViewController;
			sourceTree = "<group>";
		};
		F0F37A221CE093590047A469 /* LoginRegisterControllers(登录注册) */ = {
			isa = PBXGroup;
			children = (
				F0F37A231CE093A10047A469 /* LoginViewController.h */,
				F0F37A241CE093A10047A469 /* LoginViewController.m */,
				F0E396AE1CE186D200D4137E /* RegisterViewController.h */,
				F0E396AF1CE186D200D4137E /* RegisterViewController.m */,
				F026E5ED1CFD2F9B00C22FCE /* ForgetPwdViewController.h */,
				F026E5EE1CFD2F9B00C22FCE /* ForgetPwdViewController.m */,
			);
			name = "LoginRegisterControllers(登录注册)";
			sourceTree = "<group>";
		};
/* End PBXGroup section */

/* Begin PBXNativeTarget section */
		F0F379CD1CE07AD90047A469 /* XiZhanApp */ = {
			isa = PBXNativeTarget;
			buildConfigurationList = F0F379E51CE07AD90047A469 /* Build configuration list for PBXNativeTarget "XiZhanApp" */;
			buildPhases = (
				A2C1DB27C372A6B447A36DD3 /* 📦 Check Pods Manifest.lock */,
				F0F379CA1CE07AD90047A469 /* Sources */,
				F0F379CB1CE07AD90047A469 /* Frameworks */,
				F0F379CC1CE07AD90047A469 /* Resources */,
				7519B20FA563B10C245AE6A7 /* 📦 Embed Pods Frameworks */,
				F40DBFCF11A1B5208E616DA2 /* 📦 Copy Pods Resources */,
				320F2FF2F5EDDFC18F82D29C /* Embed Pods Frameworks */,
			);
			buildRules = (
			);
			dependencies = (
			);
			name = XiZhanApp;
			productName = XiZhanApp;
			productReference = F0F379CE1CE07AD90047A469 /* XiZhanApp.app */;
			productType = "com.apple.product-type.application";
		};
/* End PBXNativeTarget section */

/* Begin PBXProject section */
		F0F379C61CE07AD90047A469 /* Project object */ = {
			isa = PBXProject;
			attributes = {
				LastUpgradeCheck = 0730;
				ORGANIZATIONNAME = zhangqiang;
				TargetAttributes = {
					F0F379CD1CE07AD90047A469 = {
						CreatedOnToolsVersion = 7.3.1;
						DevelopmentTeam = 2936LQZ357;
						SystemCapabilities = {
							com.apple.Push = {
								enabled = 1;
							};
						};
					};
				};
			};
			buildConfigurationList = F0F379C91CE07AD90047A469 /* Build configuration list for PBXProject "XiZhanApp" */;
			compatibilityVersion = "Xcode 3.2";
			developmentRegion = English;
			hasScannedForEncodings = 0;
			knownRegions = (
				en,
				Base,
			);
			mainGroup = F0F379C51CE07AD90047A469;
			productRefGroup = F0F379CF1CE07AD90047A469 /* Products */;
			projectDirPath = "";
			projectRoot = "";
			targets = (
				F0F379CD1CE07AD90047A469 /* XiZhanApp */,
			);
		};
/* End PBXProject section */

/* Begin PBXResourcesBuildPhase section */
		F0F379CC1CE07AD90047A469 /* Resources */ = {
			isa = PBXResourcesBuildPhase;
			buildActionMask = 2147483647;
			files = (
				F0088C7E1CE6BE8300AF6EAF /* close@3x.png in Resources */,
				F0088C7D1CE6BE8300AF6EAF /* close@2x.png in Resources */,
				F0E396BC1CE1B4FA00D4137E /* MainCollCell.xib in Resources */,
				F0088C921CE6BE8300AF6EAF /* MGroupCell.xib in Resources */,
				F0088C9D1CE6BE8300AF6EAF /* LQPhotoViewCell.xib in Resources */,
				F092EEC41CE6B79500353351 /* MsgType1TabCell.xib in Resources */,
				F0088C821CE6BE8300AF6EAF /* ico_check_select.png in Resources */,
				F0088C831CE6BE8300AF6EAF /* ico_check_select@2x.png in Resources */,
				F0088C7C1CE6BE8300AF6EAF /* close.png in Resources */,
				F0088C871CE6BE8300AF6EAF /* plus@3x.png in Resources */,
				F0FA992A1CE2D0460078C74B /* LeftSortsTabCell.xib in Resources */,
				F0C4AAFD1CE2E3520067E986 /* MBProgressHUD.bundle in Resources */,
				F0088C851CE6BE8300AF6EAF /* plus.png in Resources */,
				F0F379E11CE07AD90047A469 /* LaunchScreen.storyboard in Resources */,
				F00007E71CF6CAA100479EFB /* about_info.png in Resources */,
				F0DC51591CE84CB400CE29AD /* ImgCell.xib in Resources */,
				F0088C7F1CE6BE8300AF6EAF /* ico_check_nomal.png in Resources */,
				F0C4AB081CE3194B0067E986 /* ZQPhotoViewCell.xib in Resources */,
				F0088C941CE6BE8300AF6EAF /* MImaCell.xib in Resources */,
				F0E396D81CE1EB8C00D4137E /* ServeTabCell.xib in Resources */,
				F0088C8F1CE6BE8300AF6EAF /* none.png in Resources */,
				F0FC4B1C1CFD781700E6A536 /* MenuType2TabCell.xib in Resources */,
				F0F379DE1CE07AD90047A469 /* Assets.xcassets in Resources */,
				F0F379DC1CE07AD90047A469 /* Main.storyboard in Resources */,
				F0088C861CE6BE8300AF6EAF /* plus@2x.png in Resources */,
				F0088C801CE6BE8300AF6EAF /* ico_check_nomal@2x.png in Resources */,
				F0088C841CE6BE8300AF6EAF /* ico_check_select@3x.png in Resources */,
				F0088C811CE6BE8300AF6EAF /* ico_check_nomal@3x.png in Resources */,
			);
			runOnlyForDeploymentPostprocessing = 0;
		};
/* End PBXResourcesBuildPhase section */

/* Begin PBXShellScriptBuildPhase section */
		320F2FF2F5EDDFC18F82D29C /* Embed Pods Frameworks */ = {
			isa = PBXShellScriptBuildPhase;
			buildActionMask = 2147483647;
			files = (
			);
			inputPaths = (
			);
			name = "Embed Pods Frameworks";
			outputPaths = (
			);
			runOnlyForDeploymentPostprocessing = 0;
			shellPath = /bin/sh;
			shellScript = "\"${SRCROOT}/Pods/Target Support Files/Pods-XiZhanApp/Pods-XiZhanApp-frameworks.sh\"\n";
			showEnvVarsInLog = 0;
		};
		7519B20FA563B10C245AE6A7 /* 📦 Embed Pods Frameworks */ = {
			isa = PBXShellScriptBuildPhase;
			buildActionMask = 2147483647;
			files = (
			);
			inputPaths = (
			);
			name = "📦 Embed Pods Frameworks";
			outputPaths = (
			);
			runOnlyForDeploymentPostprocessing = 0;
			shellPath = /bin/sh;
			shellScript = "\"${SRCROOT}/Pods/Target Support Files/Pods-XiZhanApp/Pods-XiZhanApp-frameworks.sh\"\n";
			showEnvVarsInLog = 0;
		};
		A2C1DB27C372A6B447A36DD3 /* 📦 Check Pods Manifest.lock */ = {
			isa = PBXShellScriptBuildPhase;
			buildActionMask = 2147483647;
			files = (
			);
			inputPaths = (
			);
			name = "📦 Check Pods Manifest.lock";
			outputPaths = (
			);
			runOnlyForDeploymentPostprocessing = 0;
			shellPath = /bin/sh;
			shellScript = "diff \"${PODS_ROOT}/../Podfile.lock\" \"${PODS_ROOT}/Manifest.lock\" > /dev/null\nif [[ $? != 0 ]] ; then\n    cat << EOM\nerror: The sandbox is not in sync with the Podfile.lock. Run 'pod install' or update your CocoaPods installation.\nEOM\n    exit 1\nfi\n";
			showEnvVarsInLog = 0;
		};
		F40DBFCF11A1B5208E616DA2 /* 📦 Copy Pods Resources */ = {
			isa = PBXShellScriptBuildPhase;
			buildActionMask = 2147483647;
			files = (
			);
			inputPaths = (
			);
			name = "📦 Copy Pods Resources";
			outputPaths = (
			);
			runOnlyForDeploymentPostprocessing = 0;
			shellPath = /bin/sh;
			shellScript = "\"${SRCROOT}/Pods/Target Support Files/Pods-XiZhanApp/Pods-XiZhanApp-resources.sh\"\n";
			showEnvVarsInLog = 0;
		};
/* End PBXShellScriptBuildPhase section */

/* Begin PBXSourcesBuildPhase section */
		F0F379CA1CE07AD90047A469 /* Sources */ = {
			isa = PBXSourcesBuildPhase;
			buildActionMask = 2147483647;
			files = (
				F0088C961CE6BE8300AF6EAF /* MShowAllGroup.m in Sources */,
				F0088C8B1CE6BE8300AF6EAF /* JJMainScrollView.m in Sources */,
				F0088C981CE6BE8300AF6EAF /* SDBaseProgressView.m in Sources */,
				F0C4AAF81CE2E14A0067E986 /* MHNetworkManager.m in Sources */,
				F0088C901CE6BE8300AF6EAF /* LQImgPickerActionSheet.m in Sources */,
				F0088CA31CE6C16F00AF6EAF /* PublishViewController.m in Sources */,
				F0DC514D1CE84AC800CE29AD /* DJBrowserImageView.m in Sources */,
				F0F37A0A1CE07B280047A469 /* BaseViewController.m in Sources */,
				F0F37A211CE08BC80047A469 /* LeftSortsViewController.m in Sources */,
				F026E5EF1CFD2F9B00C22FCE /* ForgetPwdViewController.m in Sources */,
				F0F37A0E1CE07B280047A469 /* Utility.m in Sources */,
				F0088C931CE6BE8300AF6EAF /* MImaCell.m in Sources */,
				F0088C8A1CE6BE8300AF6EAF /* MHeadImaView.m in Sources */,
				F0C4AB071CE3194B0067E986 /* ZQPhotoViewCell.m in Sources */,
				F0F37A0D1CE07B280047A469 /* User.m in Sources */,
				F021140E1CE2FD5D00676971 /* SerVeDetailViewController.m in Sources */,
				F092EEC31CE6B79500353351 /* MsgType1TabCell.m in Sources */,
				F0088C8D1CE6BE8300AF6EAF /* JJPhoto.m in Sources */,
				F0DC514F1CE84AC800CE29AD /* DJWaitingView.m in Sources */,
				F0F18BDA1CF845B000BD675F /* InfoClassifyViewController.m in Sources */,
				F0088C8C1CE6BE8300AF6EAF /* JJOneScrollView.m in Sources */,
				F0E396C11CE1B9C300D4137E /* MianZeViewController.m in Sources */,
				F0C4AAFE1CE2E3520067E986 /* MBProgressHUD+Add.m in Sources */,
				F0F37A141CE084BB0047A469 /* MainViewController.m in Sources */,
				F0607B3E1CE5B6650029EE31 /* ZQDatabaseHelper.m in Sources */,
				F0F37A081CE07B280047A469 /* BaseNaviViewController.m in Sources */,
				F0088C9A1CE6BE8300AF6EAF /* SDDemoItemView.m in Sources */,
				F0088C951CE6BE8300AF6EAF /* MImaLibTool.m in Sources */,
				F00007EA1CF6CE6F00479EFB /* AboutXiZhanViewController.m in Sources */,
				F0E396CD1CE1BA5400D4137E /* AYCButton.m in Sources */,
				F0ED7A211CE4676300369D33 /* MessageModel.m in Sources */,
				F0088C991CE6BE8300AF6EAF /* SDLoopProgressView.m in Sources */,
				F0F37A1E1CE088390047A469 /* UIView_extra.m in Sources */,
				F0FA99291CE2D0460078C74B /* LeftSortsTabCell.m in Sources */,
				F0088C9C1CE6BE8300AF6EAF /* LQPhotoViewCell.m in Sources */,
				F0607B361CE5752F0029EE31 /* MenuModel.m in Sources */,
				F0088C881CE6BE8300AF6EAF /* MFlowLayOut.m in Sources */,
				F0C4AAF91CE2E14A0067E986 /* MHUploadParam.m in Sources */,
				F0E396BB1CE1B4FA00D4137E /* MainCollCell.m in Sources */,
				F021140B1CE2D81A00676971 /* InformationDetailViewController.m in Sources */,
				F0F37A1D1CE088390047A469 /* LeftSlideViewController.m in Sources */,
				F0F37A251CE093A10047A469 /* LoginViewController.m in Sources */,
				F0607B401CE5B6650029EE31 /* ZQDatabaseModel.m in Sources */,
				F0E396AA1CE1858700D4137E /* UIView+ZQExtention.m in Sources */,
				F0C4AAF61CE2E14A0067E986 /* MHAsiNetworkHandler.m in Sources */,
				F0FC4B1B1CFD781700E6A536 /* MenuType2TabCell.m in Sources */,
				F0E396C21CE1B9C300D4137E /* SuggestionsViewController.m in Sources */,
				F0F37A091CE07B280047A469 /* BaseTabBarViewController.m in Sources */,
				F0088C891CE6BE8300AF6EAF /* MHeaderImaCell.m in Sources */,
				F0DC51581CE84CB400CE29AD /* ImgCell.m in Sources */,
				F0607B3F1CE5B6650029EE31 /* ZQDatabaseManager.m in Sources */,
				F0088C9B1CE6BE8300AF6EAF /* LQPhotoPickerViewController.m in Sources */,
				F0E396D21CE1E9E000D4137E /* ServeInfoViewController.m in Sources */,
				F0614DD11CE1C4180036CC3E /* MyInformationsViewController.m in Sources */,
				F0E396CE1CE1BA5400D4137E /* UIViewController+AYCNavigationItem.m in Sources */,
				F0DC514E1CE84AC800CE29AD /* DJPhotoBrowser.m in Sources */,
				F0E396B01CE186D200D4137E /* RegisterViewController.m in Sources */,
				F0F379D61CE07AD90047A469 /* AppDelegate.m in Sources */,
				F0F379D31CE07AD90047A469 /* main.m in Sources */,
				F0C4AAF71CE2E14A0067E986 /* MHAsiNetworkItem.m in Sources */,
				F0088C911CE6BE8300AF6EAF /* MGroupCell.m in Sources */,
				F0088C971CE6BE8300AF6EAF /* MShowGroupAllSet.m in Sources */,
				F0088C8E1CE6BE8300AF6EAF /* JJPhotoManeger.m in Sources */,
				F0E396D71CE1EB8C00D4137E /* ServeTabCell.m in Sources */,
			);
			runOnlyForDeploymentPostprocessing = 0;
		};
/* End PBXSourcesBuildPhase section */

/* Begin PBXVariantGroup section */
		F0F379DA1CE07AD90047A469 /* Main.storyboard */ = {
			isa = PBXVariantGroup;
			children = (
				F0F379DB1CE07AD90047A469 /* Base */,
			);
			name = Main.storyboard;
			sourceTree = "<group>";
		};
		F0F379DF1CE07AD90047A469 /* LaunchScreen.storyboard */ = {
			isa = PBXVariantGroup;
			children = (
				F0F379E01CE07AD90047A469 /* Base */,
			);
			name = LaunchScreen.storyboard;
			sourceTree = "<group>";
		};
/* End PBXVariantGroup section */

/* Begin XCBuildConfiguration section */
		F0F379E31CE07AD90047A469 /* Debug */ = {
			isa = XCBuildConfiguration;
			buildSettings = {
				ALWAYS_SEARCH_USER_PATHS = NO;
				CLANG_ANALYZER_NONNULL = YES;
				CLANG_CXX_LANGUAGE_STANDARD = "gnu++0x";
				CLANG_CXX_LIBRARY = "libc++";
				CLANG_ENABLE_MODULES = YES;
				CLANG_ENABLE_OBJC_ARC = YES;
				CLANG_WARN_BOOL_CONVERSION = YES;
				CLANG_WARN_CONSTANT_CONVERSION = YES;
				CLANG_WARN_DIRECT_OBJC_ISA_USAGE = YES_ERROR;
				CLANG_WARN_EMPTY_BODY = YES;
				CLANG_WARN_ENUM_CONVERSION = YES;
				CLANG_WARN_INT_CONVERSION = YES;
				CLANG_WARN_OBJC_ROOT_CLASS = YES_ERROR;
				CLANG_WARN_UNREACHABLE_CODE = YES;
				CLANG_WARN__DUPLICATE_METHOD_MATCH = YES;
				CODE_SIGN_IDENTITY = "iPhone Developer";
				"CODE_SIGN_IDENTITY[sdk=iphoneos*]" = "iPhone Developer";
				COPY_PHASE_STRIP = NO;
				DEBUG_INFORMATION_FORMAT = dwarf;
				ENABLE_STRICT_OBJC_MSGSEND = YES;
				ENABLE_TESTABILITY = YES;
				GCC_C_LANGUAGE_STANDARD = gnu99;
				GCC_DYNAMIC_NO_PIC = NO;
				GCC_NO_COMMON_BLOCKS = YES;
				GCC_OPTIMIZATION_LEVEL = 0;
				GCC_PREPROCESSOR_DEFINITIONS = (
					"DEBUG=1",
					"$(inherited)",
				);
				GCC_WARN_64_TO_32_BIT_CONVERSION = YES;
				GCC_WARN_ABOUT_RETURN_TYPE = YES_ERROR;
				GCC_WARN_UNDECLARED_SELECTOR = YES;
				GCC_WARN_UNINITIALIZED_AUTOS = YES_AGGRESSIVE;
				GCC_WARN_UNUSED_FUNCTION = YES;
				GCC_WARN_UNUSED_VARIABLE = YES;
				IPHONEOS_DEPLOYMENT_TARGET = 8.0;
				MTL_ENABLE_DEBUG_INFO = YES;
				ONLY_ACTIVE_ARCH = YES;
				PROVISIONING_PROFILE = "c5e8fe19-2f0b-4ab5-9605-a140d8054711";
				SDKROOT = iphoneos;
			};
			name = Debug;
		};
		F0F379E41CE07AD90047A469 /* Release */ = {
			isa = XCBuildConfiguration;
			buildSettings = {
				ALWAYS_SEARCH_USER_PATHS = NO;
				CLANG_ANALYZER_NONNULL = YES;
				CLANG_CXX_LANGUAGE_STANDARD = "gnu++0x";
				CLANG_CXX_LIBRARY = "libc++";
				CLANG_ENABLE_MODULES = YES;
				CLANG_ENABLE_OBJC_ARC = YES;
				CLANG_WARN_BOOL_CONVERSION = YES;
				CLANG_WARN_CONSTANT_CONVERSION = YES;
				CLANG_WARN_DIRECT_OBJC_ISA_USAGE = YES_ERROR;
				CLANG_WARN_EMPTY_BODY = YES;
				CLANG_WARN_ENUM_CONVERSION = YES;
				CLANG_WARN_INT_CONVERSION = YES;
				CLANG_WARN_OBJC_ROOT_CLASS = YES_ERROR;
				CLANG_WARN_UNREACHABLE_CODE = YES;
				CLANG_WARN__DUPLICATE_METHOD_MATCH = YES;
				CODE_SIGN_IDENTITY = "iPhone Developer";
				"CODE_SIGN_IDENTITY[sdk=iphoneos*]" = "iPhone Developer";
				COPY_PHASE_STRIP = NO;
				DEBUG_INFORMATION_FORMAT = "dwarf-with-dsym";
				ENABLE_NS_ASSERTIONS = NO;
				ENABLE_STRICT_OBJC_MSGSEND = YES;
				GCC_C_LANGUAGE_STANDARD = gnu99;
				GCC_NO_COMMON_BLOCKS = YES;
				GCC_WARN_64_TO_32_BIT_CONVERSION = YES;
				GCC_WARN_ABOUT_RETURN_TYPE = YES_ERROR;
				GCC_WARN_UNDECLARED_SELECTOR = YES;
				GCC_WARN_UNINITIALIZED_AUTOS = YES_AGGRESSIVE;
				GCC_WARN_UNUSED_FUNCTION = YES;
				GCC_WARN_UNUSED_VARIABLE = YES;
				IPHONEOS_DEPLOYMENT_TARGET = 8.0;
				MTL_ENABLE_DEBUG_INFO = NO;
				PROVISIONING_PROFILE = "c5e8fe19-2f0b-4ab5-9605-a140d8054711";
				SDKROOT = iphoneos;
				VALIDATE_PRODUCT = YES;
			};
			name = Release;
		};
		F0F379E61CE07AD90047A469 /* Debug */ = {
			isa = XCBuildConfiguration;
			baseConfigurationReference = 1D5605D5BC043DB5427C2060 /* Pods-XiZhanApp.debug.xcconfig */;
			buildSettings = {
				ASSETCATALOG_COMPILER_APPICON_NAME = AppIcon;
				ASSETCATALOG_COMPILER_LAUNCHIMAGE_NAME = LaunchImage;
				CODE_SIGN_IDENTITY = "iPhone Developer";
				"CODE_SIGN_IDENTITY[sdk=iphoneos*]" = "iPhone Developer";
				GCC_PREFIX_HEADER = "$(SRCROOT)/$(PROJECT_NAME)/PrefixHeader.pch";
				INFOPLIST_FILE = XiZhanApp/Info.plist;
				IPHONEOS_DEPLOYMENT_TARGET = 8.0;
				LD_RUNPATH_SEARCH_PATHS = "$(inherited) @executable_path/Frameworks";
				LIBRARY_SEARCH_PATHS = (
					"$(inherited)",
					"$(PROJECT_DIR)/XiZhanApp/Venders/jPush",
				);
				PRODUCT_BUNDLE_IDENTIFIER = com.JinYeFeiLin.XiZhanApp;
				PRODUCT_NAME = "$(TARGET_NAME)";
				PROVISIONING_PROFILE = "";
			};
			name = Debug;
		};
		F0F379E71CE07AD90047A469 /* Release */ = {
			isa = XCBuildConfiguration;
			baseConfigurationReference = 15D31FFDB611C4BDBC732DF9 /* Pods-XiZhanApp.release.xcconfig */;
			buildSettings = {
				ASSETCATALOG_COMPILER_APPICON_NAME = AppIcon;
				ASSETCATALOG_COMPILER_LAUNCHIMAGE_NAME = LaunchImage;
				CODE_SIGN_IDENTITY = "iPhone Developer";
				"CODE_SIGN_IDENTITY[sdk=iphoneos*]" = "iPhone Developer";
				GCC_PREFIX_HEADER = "$(SRCROOT)/$(PROJECT_NAME)/PrefixHeader.pch";
				INFOPLIST_FILE = XiZhanApp/Info.plist;
				IPHONEOS_DEPLOYMENT_TARGET = 8.0;
				LD_RUNPATH_SEARCH_PATHS = "$(inherited) @executable_path/Frameworks";
				LIBRARY_SEARCH_PATHS = (
					"$(inherited)",
					"$(PROJECT_DIR)/XiZhanApp/Venders/jPush",
				);
				PRODUCT_BUNDLE_IDENTIFIER = com.JinYeFeiLin.XiZhanApp;
				PRODUCT_NAME = "$(TARGET_NAME)";
				PROVISIONING_PROFILE = "";
			};
			name = Release;
		};
/* End XCBuildConfiguration section */

/* Begin XCConfigurationList section */
		F0F379C91CE07AD90047A469 /* Build configuration list for PBXProject "XiZhanApp" */ = {
			isa = XCConfigurationList;
			buildConfigurations = (
				F0F379E31CE07AD90047A469 /* Debug */,
				F0F379E41CE07AD90047A469 /* Release */,
			);
			defaultConfigurationIsVisible = 0;
			defaultConfigurationName = Release;
		};
		F0F379E51CE07AD90047A469 /* Build configuration list for PBXNativeTarget "XiZhanApp" */ = {
			isa = XCConfigurationList;
			buildConfigurations = (
				F0F379E61CE07AD90047A469 /* Debug */,
				F0F379E71CE07AD90047A469 /* Release */,
			);
			defaultConfigurationIsVisible = 0;
			defaultConfigurationName = Release;
		};
/* End XCConfigurationList section */
	};
	rootObject = F0F379C61CE07AD90047A469 /* Project object */;
}
